// !$*UTF8*$!
{
	archiveVersion = 1;
	classes = {
	};
	objectVersion = 46;
	objects = {

/* Begin PBXBuildFile section */
		6C11FD161CF6B7CB00BE323D /* Reachability.m in Sources */ = {isa = PBXBuildFile; fileRef = 6C11FD111CF6B7CB00BE323D /* Reachability.m */; };
		6C11FD171CF6B7CB00BE323D /* RXGetNetStatus.m in Sources */ = {isa = PBXBuildFile; fileRef = 6C11FD131CF6B7CB00BE323D /* RXGetNetStatus.m */; };
		6C11FD181CF6B7CB00BE323D /* RXNetworkCheck.m in Sources */ = {isa = PBXBuildFile; fileRef = 6C11FD151CF6B7CB00BE323D /* RXNetworkCheck.m */; };
		6C25DA541CFEAE6000E65A38 /* RXMineWebViewController.m in Sources */ = {isa = PBXBuildFile; fileRef = 6C25DA531CFEAE6000E65A38 /* RXMineWebViewController.m */; };
		6C25DA571CFEBC6F00E65A38 /* RXMineInfoViewController.m in Sources */ = {isa = PBXBuildFile; fileRef = 6C25DA561CFEBC6F00E65A38 /* RXMineInfoViewController.m */; };
		6C32D6AB1CF3E7C7003EE112 /* RXNewHomeTableViewCell.m in Sources */ = {isa = PBXBuildFile; fileRef = 6C32D6AA1CF3E7C7003EE112 /* RXNewHomeTableViewCell.m */; };
		6C35E8BF1CF53B680072A8EC /* RXSystemAlertController.m in Sources */ = {isa = PBXBuildFile; fileRef = 6C35E8BE1CF53B680072A8EC /* RXSystemAlertController.m */; };
		6C3A2FD11CD3477000533FFF /* main.m in Sources */ = {isa = PBXBuildFile; fileRef = 6C3A2FD01CD3477000533FFF /* main.m */; };
		6C3A2FD41CD3477000533FFF /* AppDelegate.m in Sources */ = {isa = PBXBuildFile; fileRef = 6C3A2FD31CD3477000533FFF /* AppDelegate.m */; };
		6C3A2FDA1CD3477000533FFF /* Main.storyboard in Resources */ = {isa = PBXBuildFile; fileRef = 6C3A2FD81CD3477000533FFF /* Main.storyboard */; };
		6C3A2FDC1CD3477000533FFF /* Assets.xcassets in Resources */ = {isa = PBXBuildFile; fileRef = 6C3A2FDB1CD3477000533FFF /* Assets.xcassets */; };
		6C3A2FDF1CD3477000533FFF /* LaunchScreen.storyboard in Resources */ = {isa = PBXBuildFile; fileRef = 6C3A2FDD1CD3477000533FFF /* LaunchScreen.storyboard */; };
		6C3A300A1CD3477E00533FFF /* TTCacheUtil.m in Sources */ = {isa = PBXBuildFile; fileRef = 6C3A2FE91CD3477E00533FFF /* TTCacheUtil.m */; };
		6C3A30111CD3477E00533FFF /* MJPopupBackgroundView.m in Sources */ = {isa = PBXBuildFile; fileRef = 6C3A2FFB1CD3477E00533FFF /* MJPopupBackgroundView.m */; };
		6C3A30121CD3477E00533FFF /* MJPopupBackgroundView.ReadME.txt in Resources */ = {isa = PBXBuildFile; fileRef = 6C3A2FFC1CD3477E00533FFF /* MJPopupBackgroundView.ReadME.txt */; };
		6C3A30131CD3477E00533FFF /* UIViewController+MJPopupViewController.m in Sources */ = {isa = PBXBuildFile; fileRef = 6C3A2FFE1CD3477E00533FFF /* UIViewController+MJPopupViewController.m */; };
		6C3A30201CD34E2B00533FFF /* RXBundle.m in Sources */ = {isa = PBXBuildFile; fileRef = 6C3A301F1CD34E2B00533FFF /* RXBundle.m */; };
		6C3A30231CD34E7D00533FFF /* RXRandom.m in Sources */ = {isa = PBXBuildFile; fileRef = 6C3A30221CD34E7D00533FFF /* RXRandom.m */; };
		6C3A30291CD3507400533FFF /* RXHexColor.m in Sources */ = {isa = PBXBuildFile; fileRef = 6C3A30281CD3507400533FFF /* RXHexColor.m */; };
		6C3A302C1CD3516800533FFF /* RXAFNS.m in Sources */ = {isa = PBXBuildFile; fileRef = 6C3A302B1CD3516800533FFF /* RXAFNS.m */; };
		6C3A305D1CD352AA00533FFF /* AFHTTPSessionManager.m in Sources */ = {isa = PBXBuildFile; fileRef = 6C3A30311CD352AA00533FFF /* AFHTTPSessionManager.m */; };
		6C3A305E1CD352AA00533FFF /* AFNetworkReachabilityManager.m in Sources */ = {isa = PBXBuildFile; fileRef = 6C3A30341CD352AA00533FFF /* AFNetworkReachabilityManager.m */; };
		6C3A305F1CD352AA00533FFF /* AFSecurityPolicy.m in Sources */ = {isa = PBXBuildFile; fileRef = 6C3A30361CD352AA00533FFF /* AFSecurityPolicy.m */; };
		6C3A30601CD352AA00533FFF /* AFURLRequestSerialization.m in Sources */ = {isa = PBXBuildFile; fileRef = 6C3A30381CD352AA00533FFF /* AFURLRequestSerialization.m */; };
		6C3A30611CD352AA00533FFF /* AFURLResponseSerialization.m in Sources */ = {isa = PBXBuildFile; fileRef = 6C3A303A1CD352AA00533FFF /* AFURLResponseSerialization.m */; };
		6C3A30621CD352AA00533FFF /* AFURLSessionManager.m in Sources */ = {isa = PBXBuildFile; fileRef = 6C3A303C1CD352AA00533FFF /* AFURLSessionManager.m */; };
		6C3A30631CD352AA00533FFF /* AFAutoPurgingImageCache.m in Sources */ = {isa = PBXBuildFile; fileRef = 6C3A303F1CD352AA00533FFF /* AFAutoPurgingImageCache.m */; };
		6C3A30641CD352AA00533FFF /* AFImageDownloader.m in Sources */ = {isa = PBXBuildFile; fileRef = 6C3A30411CD352AA00533FFF /* AFImageDownloader.m */; };
		6C3A30651CD352AA00533FFF /* AFNetworkActivityIndicatorManager.m in Sources */ = {isa = PBXBuildFile; fileRef = 6C3A30431CD352AA00533FFF /* AFNetworkActivityIndicatorManager.m */; };
		6C3A30661CD352AA00533FFF /* UIActivityIndicatorView+AFNetworking.m in Sources */ = {isa = PBXBuildFile; fileRef = 6C3A30451CD352AA00533FFF /* UIActivityIndicatorView+AFNetworking.m */; };
		6C3A30671CD352AA00533FFF /* UIButton+AFNetworking.m in Sources */ = {isa = PBXBuildFile; fileRef = 6C3A30471CD352AA00533FFF /* UIButton+AFNetworking.m */; };
		6C3A30681CD352AA00533FFF /* UIImageView+AFNetworking.m in Sources */ = {isa = PBXBuildFile; fileRef = 6C3A304A1CD352AA00533FFF /* UIImageView+AFNetworking.m */; };
		6C3A30691CD352AA00533FFF /* UIProgressView+AFNetworking.m in Sources */ = {isa = PBXBuildFile; fileRef = 6C3A304D1CD352AA00533FFF /* UIProgressView+AFNetworking.m */; };
		6C3A306A1CD352AA00533FFF /* UIRefreshControl+AFNetworking.m in Sources */ = {isa = PBXBuildFile; fileRef = 6C3A304F1CD352AA00533FFF /* UIRefreshControl+AFNetworking.m */; };
		6C3A306B1CD352AA00533FFF /* UIWebView+AFNetworking.m in Sources */ = {isa = PBXBuildFile; fileRef = 6C3A30511CD352AA00533FFF /* UIWebView+AFNetworking.m */; };
		6C3A309B1CD3538A00533FFF /* MJRefreshAutoFooter.m in Sources */ = {isa = PBXBuildFile; fileRef = 6C3A30711CD3538A00533FFF /* MJRefreshAutoFooter.m */; };
		6C3A309C1CD3538A00533FFF /* MJRefreshBackFooter.m in Sources */ = {isa = PBXBuildFile; fileRef = 6C3A30731CD3538A00533FFF /* MJRefreshBackFooter.m */; };
		6C3A309D1CD3538A00533FFF /* MJRefreshComponent.m in Sources */ = {isa = PBXBuildFile; fileRef = 6C3A30751CD3538A00533FFF /* MJRefreshComponent.m */; };
		6C3A309E1CD3538A00533FFF /* MJRefreshFooter.m in Sources */ = {isa = PBXBuildFile; fileRef = 6C3A30771CD3538A00533FFF /* MJRefreshFooter.m */; };
		6C3A309F1CD3538A00533FFF /* MJRefreshHeader.m in Sources */ = {isa = PBXBuildFile; fileRef = 6C3A30791CD3538A00533FFF /* MJRefreshHeader.m */; };
		6C3A30A01CD3538A00533FFF /* MJRefreshAutoGifFooter.m in Sources */ = {isa = PBXBuildFile; fileRef = 6C3A307E1CD3538A00533FFF /* MJRefreshAutoGifFooter.m */; };
		6C3A30A11CD3538A00533FFF /* MJRefreshAutoNormalFooter.m in Sources */ = {isa = PBXBuildFile; fileRef = 6C3A30801CD3538A00533FFF /* MJRefreshAutoNormalFooter.m */; };
		6C3A30A21CD3538A00533FFF /* MJRefreshAutoStateFooter.m in Sources */ = {isa = PBXBuildFile; fileRef = 6C3A30821CD3538A00533FFF /* MJRefreshAutoStateFooter.m */; };
		6C3A30A31CD3538A00533FFF /* MJRefreshBackGifFooter.m in Sources */ = {isa = PBXBuildFile; fileRef = 6C3A30851CD3538A00533FFF /* MJRefreshBackGifFooter.m */; };
		6C3A30A41CD3538A00533FFF /* MJRefreshBackNormalFooter.m in Sources */ = {isa = PBXBuildFile; fileRef = 6C3A30871CD3538A00533FFF /* MJRefreshBackNormalFooter.m */; };
		6C3A30A51CD3538A00533FFF /* MJRefreshBackStateFooter.m in Sources */ = {isa = PBXBuildFile; fileRef = 6C3A30891CD3538A00533FFF /* MJRefreshBackStateFooter.m */; };
		6C3A30A61CD3538A00533FFF /* MJRefreshGifHeader.m in Sources */ = {isa = PBXBuildFile; fileRef = 6C3A308C1CD3538A00533FFF /* MJRefreshGifHeader.m */; };
		6C3A30A71CD3538A00533FFF /* MJRefreshNormalHeader.m in Sources */ = {isa = PBXBuildFile; fileRef = 6C3A308E1CD3538A00533FFF /* MJRefreshNormalHeader.m */; };
		6C3A30A81CD3538A00533FFF /* MJRefreshStateHeader.m in Sources */ = {isa = PBXBuildFile; fileRef = 6C3A30901CD3538A00533FFF /* MJRefreshStateHeader.m */; };
		6C3A30A91CD3538A00533FFF /* MJRefresh.bundle in Resources */ = {isa = PBXBuildFile; fileRef = 6C3A30911CD3538A00533FFF /* MJRefresh.bundle */; };
		6C3A30AA1CD3538A00533FFF /* MJRefreshConst.m in Sources */ = {isa = PBXBuildFile; fileRef = 6C3A30941CD3538A00533FFF /* MJRefreshConst.m */; };
		6C3A30AB1CD3538A00533FFF /* UIScrollView+MJExtension.m in Sources */ = {isa = PBXBuildFile; fileRef = 6C3A30961CD3538A00533FFF /* UIScrollView+MJExtension.m */; };
		6C3A30AC1CD3538A00533FFF /* UIScrollView+MJRefresh.m in Sources */ = {isa = PBXBuildFile; fileRef = 6C3A30981CD3538A00533FFF /* UIScrollView+MJRefresh.m */; };
		6C3A30AD1CD3538A00533FFF /* UIView+MJExtension.m in Sources */ = {isa = PBXBuildFile; fileRef = 6C3A309A1CD3538A00533FFF /* UIView+MJExtension.m */; };
		6C3A30BD1CD35ACA00533FFF /* SystemConfiguration.framework in Frameworks */ = {isa = PBXBuildFile; fileRef = 6C3A30BC1CD35ACA00533FFF /* SystemConfiguration.framework */; };
		6C3A30CF1CD35CE000533FFF /* QuartzCore.framework in Frameworks */ = {isa = PBXBuildFile; fileRef = 6C3A30CE1CD35CE000533FFF /* QuartzCore.framework */; };
		6C3A30D11CD35D1000533FFF /* CoreFoundation.framework in Frameworks */ = {isa = PBXBuildFile; fileRef = 6C3A30D01CD35D1000533FFF /* CoreFoundation.framework */; };
		6C3A30D41CD360DC00533FFF /* RXCharacter.m in Sources */ = {isa = PBXBuildFile; fileRef = 6C3A30D31CD360DC00533FFF /* RXCharacter.m */; };
		6C3A30D71CD36DDC00533FFF /* RXMJHeader.m in Sources */ = {isa = PBXBuildFile; fileRef = 6C3A30D61CD36DDC00533FFF /* RXMJHeader.m */; };
		6C3A30DA1CD36E3700533FFF /* RXMJFooterGif.m in Sources */ = {isa = PBXBuildFile; fileRef = 6C3A30D91CD36E3700533FFF /* RXMJFooterGif.m */; };
		6C3A30DD1CD36EC800533FFF /* RXMJHeaderGif.m in Sources */ = {isa = PBXBuildFile; fileRef = 6C3A30DC1CD36EC800533FFF /* RXMJHeaderGif.m */; };
		6C4BFCD71CDC9F94006476FB /* RXDataModel.m in Sources */ = {isa = PBXBuildFile; fileRef = 6C4BFCD61CDC9F94006476FB /* RXDataModel.m */; };
		6C816C1F1CF83D6F00823507 /* RXMineHeader.m in Sources */ = {isa = PBXBuildFile; fileRef = 6C816C1E1CF83D6F00823507 /* RXMineHeader.m */; };
		6C8480261CF6F9310052C3BF /* NSArray+RXArrLog.m in Sources */ = {isa = PBXBuildFile; fileRef = 6C8480251CF6F9310052C3BF /* NSArray+RXArrLog.m */; };
		6C8480291CF6F93F0052C3BF /* NSDictionary+RXDictLog.m in Sources */ = {isa = PBXBuildFile; fileRef = 6C8480281CF6F93F0052C3BF /* NSDictionary+RXDictLog.m */; };
		6C84802C1CF6F9D10052C3BF /* NSDateUtilities.m in Sources */ = {isa = PBXBuildFile; fileRef = 6C84802B1CF6F9D10052C3BF /* NSDateUtilities.m */; };
		6CA15FED1CF339B5009DCE60 /* GBInfiniteScrollView.m in Sources */ = {isa = PBXBuildFile; fileRef = 6CA15FEA1CF339B5009DCE60 /* GBInfiniteScrollView.m */; };
		6CA15FEE1CF339B5009DCE60 /* SMPageControl.m in Sources */ = {isa = PBXBuildFile; fileRef = 6CA15FEC1CF339B5009DCE60 /* SMPageControl.m */; };
		6CA15FF41CF33CC7009DCE60 /* UIImageView+fadeInFadeOut.m in Sources */ = {isa = PBXBuildFile; fileRef = 6CA15FF21CF33CC7009DCE60 /* UIImageView+fadeInFadeOut.m */; };
		6CA15FFA1CF33FEC009DCE60 /* RXNewHomeController.m in Sources */ = {isa = PBXBuildFile; fileRef = 6CA15FF91CF33FEC009DCE60 /* RXNewHomeController.m */; };
		6CA15FFE1CF34042009DCE60 /* RXScrollView.m in Sources */ = {isa = PBXBuildFile; fileRef = 6CA15FFD1CF34042009DCE60 /* RXScrollView.m */; };
		6CA160011CF3405C009DCE60 /* RXNewHomeUserInfoView.m in Sources */ = {isa = PBXBuildFile; fileRef = 6CA160001CF3405C009DCE60 /* RXNewHomeUserInfoView.m */; };
		6CA160041CF34287009DCE60 /* RXNewHomeSegmentView.m in Sources */ = {isa = PBXBuildFile; fileRef = 6CA160031CF34287009DCE60 /* RXNewHomeSegmentView.m */; };
		6CA1600A1CF3432D009DCE60 /* RXNewHomeCollectionViewCell.m in Sources */ = {isa = PBXBuildFile; fileRef = 6CA160091CF3432D009DCE60 /* RXNewHomeCollectionViewCell.m */; };
		6CA434281CD9C42400641785 /* RXUploadImageController.m in Sources */ = {isa = PBXBuildFile; fileRef = 6CA434271CD9C42400641785 /* RXUploadImageController.m */; };
		6CA4342C1CD9C56800641785 /* IBActionSheet.m in Sources */ = {isa = PBXBuildFile; fileRef = 6CA4342B1CD9C56800641785 /* IBActionSheet.m */; };
		6CA434531CD9E5AF00641785 /* MKAnnotationView+WebCache.m in Sources */ = {isa = PBXBuildFile; fileRef = 6CA434331CD9E5AF00641785 /* MKAnnotationView+WebCache.m */; };
		6CA434541CD9E5AF00641785 /* NSData+ImageContentType.m in Sources */ = {isa = PBXBuildFile; fileRef = 6CA434351CD9E5AF00641785 /* NSData+ImageContentType.m */; };
		6CA434551CD9E5AF00641785 /* SDImageCache.m in Sources */ = {isa = PBXBuildFile; fileRef = 6CA434371CD9E5AF00641785 /* SDImageCache.m */; };
		6CA434561CD9E5AF00641785 /* SDWebImageCompat.m in Sources */ = {isa = PBXBuildFile; fileRef = 6CA434391CD9E5AF00641785 /* SDWebImageCompat.m */; };
		6CA434571CD9E5AF00641785 /* SDWebImageDecoder.m in Sources */ = {isa = PBXBuildFile; fileRef = 6CA4343B1CD9E5AF00641785 /* SDWebImageDecoder.m */; };
		6CA434581CD9E5AF00641785 /* SDWebImageDownloader.m in Sources */ = {isa = PBXBuildFile; fileRef = 6CA4343D1CD9E5AF00641785 /* SDWebImageDownloader.m */; };
		6CA434591CD9E5AF00641785 /* SDWebImageDownloaderOperation.m in Sources */ = {isa = PBXBuildFile; fileRef = 6CA4343F1CD9E5AF00641785 /* SDWebImageDownloaderOperation.m */; };
		6CA4345A1CD9E5AF00641785 /* SDWebImageManager.m in Sources */ = {isa = PBXBuildFile; fileRef = 6CA434411CD9E5AF00641785 /* SDWebImageManager.m */; };
		6CA4345B1CD9E5AF00641785 /* SDWebImagePrefetcher.m in Sources */ = {isa = PBXBuildFile; fileRef = 6CA434441CD9E5AF00641785 /* SDWebImagePrefetcher.m */; };
		6CA4345C1CD9E5AF00641785 /* UIButton+WebCache.m in Sources */ = {isa = PBXBuildFile; fileRef = 6CA434461CD9E5AF00641785 /* UIButton+WebCache.m */; };
		6CA4345D1CD9E5AF00641785 /* UIImage+GIF.m in Sources */ = {isa = PBXBuildFile; fileRef = 6CA434481CD9E5AF00641785 /* UIImage+GIF.m */; };
		6CA4345E1CD9E5AF00641785 /* UIImage+MultiFormat.m in Sources */ = {isa = PBXBuildFile; fileRef = 6CA4344A1CD9E5AF00641785 /* UIImage+MultiFormat.m */; };
		6CA4345F1CD9E5AF00641785 /* UIImage+WebP.m in Sources */ = {isa = PBXBuildFile; fileRef = 6CA4344C1CD9E5AF00641785 /* UIImage+WebP.m */; };
		6CA434601CD9E5AF00641785 /* UIImageView+HighlightedWebCache.m in Sources */ = {isa = PBXBuildFile; fileRef = 6CA4344E1CD9E5AF00641785 /* UIImageView+HighlightedWebCache.m */; };
		6CA434611CD9E5AF00641785 /* UIImageView+WebCache.m in Sources */ = {isa = PBXBuildFile; fileRef = 6CA434501CD9E5AF00641785 /* UIImageView+WebCache.m */; };
		6CA434621CD9E5AF00641785 /* UIView+WebCacheOperation.m in Sources */ = {isa = PBXBuildFile; fileRef = 6CA434521CD9E5AF00641785 /* UIView+WebCacheOperation.m */; };
		6CBF82271CDAE45A009AD4FC /* UIImageView+ProgressView.m in Sources */ = {isa = PBXBuildFile; fileRef = 6CBF82261CDAE45A009AD4FC /* UIImageView+ProgressView.m */; };
		6CBF822A1CDAEDCC009AD4FC /* RXCaCheController.m in Sources */ = {isa = PBXBuildFile; fileRef = 6CBF82291CDAEDCC009AD4FC /* RXCaCheController.m */; };
		6CBF822E1CDAEE98009AD4FC /* UIView+Toast.m in Sources */ = {isa = PBXBuildFile; fileRef = 6CBF822D1CDAEE98009AD4FC /* UIView+Toast.m */; };
		6CD828B51CF831A500AF575E /* Mine.storyboard in Resources */ = {isa = PBXBuildFile; fileRef = 6CD828B41CF831A500AF575E /* Mine.storyboard */; };
		6CD828B81CF831BB00AF575E /* RXMineViewController.m in Sources */ = {isa = PBXBuildFile; fileRef = 6CD828B71CF831BB00AF575E /* RXMineViewController.m */; };
		6CF322461CD71368009BD1B7 /* RXBaseViewController.m in Sources */ = {isa = PBXBuildFile; fileRef = 6CF322451CD71368009BD1B7 /* RXBaseViewController.m */; };
		6CF3224F1CD86C67009BD1B7 /* RXTabBarController.m in Sources */ = {isa = PBXBuildFile; fileRef = 6CF3224E1CD86C67009BD1B7 /* RXTabBarController.m */; };
		6CF322521CD87077009BD1B7 /* RXNavBaseController.m in Sources */ = {isa = PBXBuildFile; fileRef = 6CF322511CD87077009BD1B7 /* RXNavBaseController.m */; };
		6CF3225C1CD879EF009BD1B7 /* Home.storyboard in Resources */ = {isa = PBXBuildFile; fileRef = 6CF3225B1CD879EF009BD1B7 /* Home.storyboard */; };
		6CF3225F1CD87A27009BD1B7 /* RXHomeController.m in Sources */ = {isa = PBXBuildFile; fileRef = 6CF3225E1CD87A27009BD1B7 /* RXHomeController.m */; };
		6CF322651CD89D65009BD1B7 /* RXFalseDataController.m in Sources */ = {isa = PBXBuildFile; fileRef = 6CF322641CD89D65009BD1B7 /* RXFalseDataController.m */; };
		6CF322691CD89DA8009BD1B7 /* RXDate.m in Sources */ = {isa = PBXBuildFile; fileRef = 6CF322681CD89DA8009BD1B7 /* RXDate.m */; };
/* End PBXBuildFile section */

/* Begin PBXFileReference section */
		6C11FD101CF6B7CB00BE323D /* Reachability.h */ = {isa = PBXFileReference; fileEncoding = 4; lastKnownFileType = sourcecode.c.h; path = Reachability.h; sourceTree = "<group>"; };
		6C11FD111CF6B7CB00BE323D /* Reachability.m */ = {isa = PBXFileReference; fileEncoding = 4; lastKnownFileType = sourcecode.c.objc; path = Reachability.m; sourceTree = "<group>"; };
		6C11FD121CF6B7CB00BE323D /* RXGetNetStatus.h */ = {isa = PBXFileReference; fileEncoding = 4; lastKnownFileType = sourcecode.c.h; path = RXGetNetStatus.h; sourceTree = "<group>"; };
		6C11FD131CF6B7CB00BE323D /* RXGetNetStatus.m */ = {isa = PBXFileReference; fileEncoding = 4; lastKnownFileType = sourcecode.c.objc; path = RXGetNetStatus.m; sourceTree = "<group>"; };
		6C11FD141CF6B7CB00BE323D /* RXNetworkCheck.h */ = {isa = PBXFileReference; fileEncoding = 4; lastKnownFileType = sourcecode.c.h; path = RXNetworkCheck.h; sourceTree = "<group>"; };
		6C11FD151CF6B7CB00BE323D /* RXNetworkCheck.m */ = {isa = PBXFileReference; fileEncoding = 4; lastKnownFileType = sourcecode.c.objc; path = RXNetworkCheck.m; sourceTree = "<group>"; };
		6C25DA521CFEAE6000E65A38 /* RXMineWebViewController.h */ = {isa = PBXFileReference; fileEncoding = 4; lastKnownFileType = sourcecode.c.h; path = RXMineWebViewController.h; sourceTree = "<group>"; };
		6C25DA531CFEAE6000E65A38 /* RXMineWebViewController.m */ = {isa = PBXFileReference; fileEncoding = 4; lastKnownFileType = sourcecode.c.objc; path = RXMineWebViewController.m; sourceTree = "<group>"; };
		6C25DA551CFEBC6F00E65A38 /* RXMineInfoViewController.h */ = {isa = PBXFileReference; fileEncoding = 4; lastKnownFileType = sourcecode.c.h; path = RXMineInfoViewController.h; sourceTree = "<group>"; };
		6C25DA561CFEBC6F00E65A38 /* RXMineInfoViewController.m */ = {isa = PBXFileReference; fileEncoding = 4; lastKnownFileType = sourcecode.c.objc; path = RXMineInfoViewController.m; sourceTree = "<group>"; };
		6C32D6A91CF3E7C7003EE112 /* RXNewHomeTableViewCell.h */ = {isa = PBXFileReference; fileEncoding = 4; lastKnownFileType = sourcecode.c.h; path = RXNewHomeTableViewCell.h; sourceTree = "<group>"; };
		6C32D6AA1CF3E7C7003EE112 /* RXNewHomeTableViewCell.m */ = {isa = PBXFileReference; fileEncoding = 4; lastKnownFileType = sourcecode.c.objc; path = RXNewHomeTableViewCell.m; sourceTree = "<group>"; };
		6C35E8BD1CF53B680072A8EC /* RXSystemAlertController.h */ = {isa = PBXFileReference; fileEncoding = 4; lastKnownFileType = sourcecode.c.h; path = RXSystemAlertController.h; sourceTree = "<group>"; };
		6C35E8BE1CF53B680072A8EC /* RXSystemAlertController.m */ = {isa = PBXFileReference; fileEncoding = 4; lastKnownFileType = sourcecode.c.objc; path = RXSystemAlertController.m; sourceTree = "<group>"; };
		6C3A2FCC1CD3477000533FFF /* RXExtenstion.app */ = {isa = PBXFileReference; explicitFileType = wrapper.application; includeInIndex = 0; path = RXExtenstion.app; sourceTree = BUILT_PRODUCTS_DIR; };
		6C3A2FD01CD3477000533FFF /* main.m */ = {isa = PBXFileReference; lastKnownFileType = sourcecode.c.objc; path = main.m; sourceTree = "<group>"; };
		6C3A2FD21CD3477000533FFF /* AppDelegate.h */ = {isa = PBXFileReference; lastKnownFileType = sourcecode.c.h; path = AppDelegate.h; sourceTree = "<group>"; };
		6C3A2FD31CD3477000533FFF /* AppDelegate.m */ = {isa = PBXFileReference; lastKnownFileType = sourcecode.c.objc; path = AppDelegate.m; sourceTree = "<group>"; };
		6C3A2FD91CD3477000533FFF /* Base */ = {isa = PBXFileReference; lastKnownFileType = file.storyboard; name = Base; path = Base.lproj/Main.storyboard; sourceTree = "<group>"; };
		6C3A2FDB1CD3477000533FFF /* Assets.xcassets */ = {isa = PBXFileReference; lastKnownFileType = folder.assetcatalog; path = Assets.xcassets; sourceTree = "<group>"; };
		6C3A2FDE1CD3477000533FFF /* Base */ = {isa = PBXFileReference; lastKnownFileType = file.storyboard; name = Base; path = Base.lproj/LaunchScreen.storyboard; sourceTree = "<group>"; };
		6C3A2FE01CD3477000533FFF /* Info.plist */ = {isa = PBXFileReference; lastKnownFileType = text.plist.xml; path = Info.plist; sourceTree = "<group>"; };
		6C3A2FE81CD3477E00533FFF /* TTCacheUtil.h */ = {isa = PBXFileReference; fileEncoding = 4; lastKnownFileType = sourcecode.c.h; path = TTCacheUtil.h; sourceTree = "<group>"; };
		6C3A2FE91CD3477E00533FFF /* TTCacheUtil.m */ = {isa = PBXFileReference; fileEncoding = 4; lastKnownFileType = sourcecode.c.objc; path = TTCacheUtil.m; sourceTree = "<group>"; };
		6C3A2FFA1CD3477E00533FFF /* MJPopupBackgroundView.h */ = {isa = PBXFileReference; fileEncoding = 4; lastKnownFileType = sourcecode.c.h; path = MJPopupBackgroundView.h; sourceTree = "<group>"; };
		6C3A2FFB1CD3477E00533FFF /* MJPopupBackgroundView.m */ = {isa = PBXFileReference; fileEncoding = 4; lastKnownFileType = sourcecode.c.objc; path = MJPopupBackgroundView.m; sourceTree = "<group>"; };
		6C3A2FFC1CD3477E00533FFF /* MJPopupBackgroundView.ReadME.txt */ = {isa = PBXFileReference; fileEncoding = 4; lastKnownFileType = text; path = MJPopupBackgroundView.ReadME.txt; sourceTree = "<group>"; };
		6C3A2FFD1CD3477E00533FFF /* UIViewController+MJPopupViewController.h */ = {isa = PBXFileReference; fileEncoding = 4; lastKnownFileType = sourcecode.c.h; path = "UIViewController+MJPopupViewController.h"; sourceTree = "<group>"; };
		6C3A2FFE1CD3477E00533FFF /* UIViewController+MJPopupViewController.m */ = {isa = PBXFileReference; fileEncoding = 4; lastKnownFileType = sourcecode.c.objc; path = "UIViewController+MJPopupViewController.m"; sourceTree = "<group>"; };
		6C3A301A1CD347E200533FFF /* PrefixHeader.h */ = {isa = PBXFileReference; lastKnownFileType = sourcecode.c.h; path = PrefixHeader.h; sourceTree = "<group>"; };
		6C3A301E1CD34E2B00533FFF /* RXBundle.h */ = {isa = PBXFileReference; fileEncoding = 4; lastKnownFileType = sourcecode.c.h; path = RXBundle.h; sourceTree = "<group>"; };
		6C3A301F1CD34E2B00533FFF /* RXBundle.m */ = {isa = PBXFileReference; fileEncoding = 4; lastKnownFileType = sourcecode.c.objc; path = RXBundle.m; sourceTree = "<group>"; };
		6C3A30211CD34E7D00533FFF /* RXRandom.h */ = {isa = PBXFileReference; fileEncoding = 4; lastKnownFileType = sourcecode.c.h; path = RXRandom.h; sourceTree = "<group>"; };
		6C3A30221CD34E7D00533FFF /* RXRandom.m */ = {isa = PBXFileReference; fileEncoding = 4; lastKnownFileType = sourcecode.c.objc; path = RXRandom.m; sourceTree = "<group>"; };
		6C3A30271CD3507400533FFF /* RXHexColor.h */ = {isa = PBXFileReference; fileEncoding = 4; lastKnownFileType = sourcecode.c.h; path = RXHexColor.h; sourceTree = "<group>"; };
		6C3A30281CD3507400533FFF /* RXHexColor.m */ = {isa = PBXFileReference; fileEncoding = 4; lastKnownFileType = sourcecode.c.objc; path = RXHexColor.m; sourceTree = "<group>"; };
		6C3A302A1CD3516800533FFF /* RXAFNS.h */ = {isa = PBXFileReference; fileEncoding = 4; lastKnownFileType = sourcecode.c.h; path = RXAFNS.h; sourceTree = "<group>"; };
		6C3A302B1CD3516800533FFF /* RXAFNS.m */ = {isa = PBXFileReference; fileEncoding = 4; lastKnownFileType = sourcecode.c.objc; path = RXAFNS.m; sourceTree = "<group>"; };
		6C3A30301CD352AA00533FFF /* AFHTTPSessionManager.h */ = {isa = PBXFileReference; fileEncoding = 4; lastKnownFileType = sourcecode.c.h; path = AFHTTPSessionManager.h; sourceTree = "<group>"; };
		6C3A30311CD352AA00533FFF /* AFHTTPSessionManager.m */ = {isa = PBXFileReference; fileEncoding = 4; lastKnownFileType = sourcecode.c.objc; path = AFHTTPSessionManager.m; sourceTree = "<group>"; };
		6C3A30321CD352AA00533FFF /* AFNetworking.h */ = {isa = PBXFileReference; fileEncoding = 4; lastKnownFileType = sourcecode.c.h; path = AFNetworking.h; sourceTree = "<group>"; };
		6C3A30331CD352AA00533FFF /* AFNetworkReachabilityManager.h */ = {isa = PBXFileReference; fileEncoding = 4; lastKnownFileType = sourcecode.c.h; path = AFNetworkReachabilityManager.h; sourceTree = "<group>"; };
		6C3A30341CD352AA00533FFF /* AFNetworkReachabilityManager.m */ = {isa = PBXFileReference; fileEncoding = 4; lastKnownFileType = sourcecode.c.objc; path = AFNetworkReachabilityManager.m; sourceTree = "<group>"; };
		6C3A30351CD352AA00533FFF /* AFSecurityPolicy.h */ = {isa = PBXFileReference; fileEncoding = 4; lastKnownFileType = sourcecode.c.h; path = AFSecurityPolicy.h; sourceTree = "<group>"; };
		6C3A30361CD352AA00533FFF /* AFSecurityPolicy.m */ = {isa = PBXFileReference; fileEncoding = 4; lastKnownFileType = sourcecode.c.objc; path = AFSecurityPolicy.m; sourceTree = "<group>"; };
		6C3A30371CD352AA00533FFF /* AFURLRequestSerialization.h */ = {isa = PBXFileReference; fileEncoding = 4; lastKnownFileType = sourcecode.c.h; path = AFURLRequestSerialization.h; sourceTree = "<group>"; };
		6C3A30381CD352AA00533FFF /* AFURLRequestSerialization.m */ = {isa = PBXFileReference; fileEncoding = 4; lastKnownFileType = sourcecode.c.objc; path = AFURLRequestSerialization.m; sourceTree = "<group>"; };
		6C3A30391CD352AA00533FFF /* AFURLResponseSerialization.h */ = {isa = PBXFileReference; fileEncoding = 4; lastKnownFileType = sourcecode.c.h; path = AFURLResponseSerialization.h; sourceTree = "<group>"; };
		6C3A303A1CD352AA00533FFF /* AFURLResponseSerialization.m */ = {isa = PBXFileReference; fileEncoding = 4; lastKnownFileType = sourcecode.c.objc; path = AFURLResponseSerialization.m; sourceTree = "<group>"; };
		6C3A303B1CD352AA00533FFF /* AFURLSessionManager.h */ = {isa = PBXFileReference; fileEncoding = 4; lastKnownFileType = sourcecode.c.h; path = AFURLSessionManager.h; sourceTree = "<group>"; };
		6C3A303C1CD352AA00533FFF /* AFURLSessionManager.m */ = {isa = PBXFileReference; fileEncoding = 4; lastKnownFileType = sourcecode.c.objc; path = AFURLSessionManager.m; sourceTree = "<group>"; };
		6C3A303E1CD352AA00533FFF /* AFAutoPurgingImageCache.h */ = {isa = PBXFileReference; fileEncoding = 4; lastKnownFileType = sourcecode.c.h; path = AFAutoPurgingImageCache.h; sourceTree = "<group>"; };
		6C3A303F1CD352AA00533FFF /* AFAutoPurgingImageCache.m */ = {isa = PBXFileReference; fileEncoding = 4; lastKnownFileType = sourcecode.c.objc; path = AFAutoPurgingImageCache.m; sourceTree = "<group>"; };
		6C3A30401CD352AA00533FFF /* AFImageDownloader.h */ = {isa = PBXFileReference; fileEncoding = 4; lastKnownFileType = sourcecode.c.h; path = AFImageDownloader.h; sourceTree = "<group>"; };
		6C3A30411CD352AA00533FFF /* AFImageDownloader.m */ = {isa = PBXFileReference; fileEncoding = 4; lastKnownFileType = sourcecode.c.objc; path = AFImageDownloader.m; sourceTree = "<group>"; };
		6C3A30421CD352AA00533FFF /* AFNetworkActivityIndicatorManager.h */ = {isa = PBXFileReference; fileEncoding = 4; lastKnownFileType = sourcecode.c.h; path = AFNetworkActivityIndicatorManager.h; sourceTree = "<group>"; };
		6C3A30431CD352AA00533FFF /* AFNetworkActivityIndicatorManager.m */ = {isa = PBXFileReference; fileEncoding = 4; lastKnownFileType = sourcecode.c.objc; path = AFNetworkActivityIndicatorManager.m; sourceTree = "<group>"; };
		6C3A30441CD352AA00533FFF /* UIActivityIndicatorView+AFNetworking.h */ = {isa = PBXFileReference; fileEncoding = 4; lastKnownFileType = sourcecode.c.h; path = "UIActivityIndicatorView+AFNetworking.h"; sourceTree = "<group>"; };
		6C3A30451CD352AA00533FFF /* UIActivityIndicatorView+AFNetworking.m */ = {isa = PBXFileReference; fileEncoding = 4; lastKnownFileType = sourcecode.c.objc; path = "UIActivityIndicatorView+AFNetworking.m"; sourceTree = "<group>"; };
		6C3A30461CD352AA00533FFF /* UIButton+AFNetworking.h */ = {isa = PBXFileReference; fileEncoding = 4; lastKnownFileType = sourcecode.c.h; path = "UIButton+AFNetworking.h"; sourceTree = "<group>"; };
		6C3A30471CD352AA00533FFF /* UIButton+AFNetworking.m */ = {isa = PBXFileReference; fileEncoding = 4; lastKnownFileType = sourcecode.c.objc; path = "UIButton+AFNetworking.m"; sourceTree = "<group>"; };
		6C3A30481CD352AA00533FFF /* UIImage+AFNetworking.h */ = {isa = PBXFileReference; fileEncoding = 4; lastKnownFileType = sourcecode.c.h; path = "UIImage+AFNetworking.h"; sourceTree = "<group>"; };
		6C3A30491CD352AA00533FFF /* UIImageView+AFNetworking.h */ = {isa = PBXFileReference; fileEncoding = 4; lastKnownFileType = sourcecode.c.h; path = "UIImageView+AFNetworking.h"; sourceTree = "<group>"; };
		6C3A304A1CD352AA00533FFF /* UIImageView+AFNetworking.m */ = {isa = PBXFileReference; fileEncoding = 4; lastKnownFileType = sourcecode.c.objc; path = "UIImageView+AFNetworking.m"; sourceTree = "<group>"; };
		6C3A304B1CD352AA00533FFF /* UIKit+AFNetworking.h */ = {isa = PBXFileReference; fileEncoding = 4; lastKnownFileType = sourcecode.c.h; path = "UIKit+AFNetworking.h"; sourceTree = "<group>"; };
		6C3A304C1CD352AA00533FFF /* UIProgressView+AFNetworking.h */ = {isa = PBXFileReference; fileEncoding = 4; lastKnownFileType = sourcecode.c.h; path = "UIProgressView+AFNetworking.h"; sourceTree = "<group>"; };
		6C3A304D1CD352AA00533FFF /* UIProgressView+AFNetworking.m */ = {isa = PBXFileReference; fileEncoding = 4; lastKnownFileType = sourcecode.c.objc; path = "UIProgressView+AFNetworking.m"; sourceTree = "<group>"; };
		6C3A304E1CD352AA00533FFF /* UIRefreshControl+AFNetworking.h */ = {isa = PBXFileReference; fileEncoding = 4; lastKnownFileType = sourcecode.c.h; path = "UIRefreshControl+AFNetworking.h"; sourceTree = "<group>"; };
		6C3A304F1CD352AA00533FFF /* UIRefreshControl+AFNetworking.m */ = {isa = PBXFileReference; fileEncoding = 4; lastKnownFileType = sourcecode.c.objc; path = "UIRefreshControl+AFNetworking.m"; sourceTree = "<group>"; };
		6C3A30501CD352AA00533FFF /* UIWebView+AFNetworking.h */ = {isa = PBXFileReference; fileEncoding = 4; lastKnownFileType = sourcecode.c.h; path = "UIWebView+AFNetworking.h"; sourceTree = "<group>"; };
		6C3A30511CD352AA00533FFF /* UIWebView+AFNetworking.m */ = {isa = PBXFileReference; fileEncoding = 4; lastKnownFileType = sourcecode.c.objc; path = "UIWebView+AFNetworking.m"; sourceTree = "<group>"; };
		6C3A30701CD3538A00533FFF /* MJRefreshAutoFooter.h */ = {isa = PBXFileReference; fileEncoding = 4; lastKnownFileType = sourcecode.c.h; path = MJRefreshAutoFooter.h; sourceTree = "<group>"; };
		6C3A30711CD3538A00533FFF /* MJRefreshAutoFooter.m */ = {isa = PBXFileReference; fileEncoding = 4; lastKnownFileType = sourcecode.c.objc; path = MJRefreshAutoFooter.m; sourceTree = "<group>"; };
		6C3A30721CD3538A00533FFF /* MJRefreshBackFooter.h */ = {isa = PBXFileReference; fileEncoding = 4; lastKnownFileType = sourcecode.c.h; path = MJRefreshBackFooter.h; sourceTree = "<group>"; };
		6C3A30731CD3538A00533FFF /* MJRefreshBackFooter.m */ = {isa = PBXFileReference; fileEncoding = 4; lastKnownFileType = sourcecode.c.objc; path = MJRefreshBackFooter.m; sourceTree = "<group>"; };
		6C3A30741CD3538A00533FFF /* MJRefreshComponent.h */ = {isa = PBXFileReference; fileEncoding = 4; lastKnownFileType = sourcecode.c.h; path = MJRefreshComponent.h; sourceTree = "<group>"; };
		6C3A30751CD3538A00533FFF /* MJRefreshComponent.m */ = {isa = PBXFileReference; fileEncoding = 4; lastKnownFileType = sourcecode.c.objc; path = MJRefreshComponent.m; sourceTree = "<group>"; };
		6C3A30761CD3538A00533FFF /* MJRefreshFooter.h */ = {isa = PBXFileReference; fileEncoding = 4; lastKnownFileType = sourcecode.c.h; path = MJRefreshFooter.h; sourceTree = "<group>"; };
		6C3A30771CD3538A00533FFF /* MJRefreshFooter.m */ = {isa = PBXFileReference; fileEncoding = 4; lastKnownFileType = sourcecode.c.objc; path = MJRefreshFooter.m; sourceTree = "<group>"; };
		6C3A30781CD3538A00533FFF /* MJRefreshHeader.h */ = {isa = PBXFileReference; fileEncoding = 4; lastKnownFileType = sourcecode.c.h; path = MJRefreshHeader.h; sourceTree = "<group>"; };
		6C3A30791CD3538A00533FFF /* MJRefreshHeader.m */ = {isa = PBXFileReference; fileEncoding = 4; lastKnownFileType = sourcecode.c.objc; path = MJRefreshHeader.m; sourceTree = "<group>"; };
		6C3A307D1CD3538A00533FFF /* MJRefreshAutoGifFooter.h */ = {isa = PBXFileReference; fileEncoding = 4; lastKnownFileType = sourcecode.c.h; path = MJRefreshAutoGifFooter.h; sourceTree = "<group>"; };
		6C3A307E1CD3538A00533FFF /* MJRefreshAutoGifFooter.m */ = {isa = PBXFileReference; fileEncoding = 4; lastKnownFileType = sourcecode.c.objc; path = MJRefreshAutoGifFooter.m; sourceTree = "<group>"; };
		6C3A307F1CD3538A00533FFF /* MJRefreshAutoNormalFooter.h */ = {isa = PBXFileReference; fileEncoding = 4; lastKnownFileType = sourcecode.c.h; path = MJRefreshAutoNormalFooter.h; sourceTree = "<group>"; };
		6C3A30801CD3538A00533FFF /* MJRefreshAutoNormalFooter.m */ = {isa = PBXFileReference; fileEncoding = 4; lastKnownFileType = sourcecode.c.objc; path = MJRefreshAutoNormalFooter.m; sourceTree = "<group>"; };
		6C3A30811CD3538A00533FFF /* MJRefreshAutoStateFooter.h */ = {isa = PBXFileReference; fileEncoding = 4; lastKnownFileType = sourcecode.c.h; path = MJRefreshAutoStateFooter.h; sourceTree = "<group>"; };
		6C3A30821CD3538A00533FFF /* MJRefreshAutoStateFooter.m */ = {isa = PBXFileReference; fileEncoding = 4; lastKnownFileType = sourcecode.c.objc; path = MJRefreshAutoStateFooter.m; sourceTree = "<group>"; };
		6C3A30841CD3538A00533FFF /* MJRefreshBackGifFooter.h */ = {isa = PBXFileReference; fileEncoding = 4; lastKnownFileType = sourcecode.c.h; path = MJRefreshBackGifFooter.h; sourceTree = "<group>"; };
		6C3A30851CD3538A00533FFF /* MJRefreshBackGifFooter.m */ = {isa = PBXFileReference; fileEncoding = 4; lastKnownFileType = sourcecode.c.objc; path = MJRefreshBackGifFooter.m; sourceTree = "<group>"; };
		6C3A30861CD3538A00533FFF /* MJRefreshBackNormalFooter.h */ = {isa = PBXFileReference; fileEncoding = 4; lastKnownFileType = sourcecode.c.h; path = MJRefreshBackNormalFooter.h; sourceTree = "<group>"; };
		6C3A30871CD3538A00533FFF /* MJRefreshBackNormalFooter.m */ = {isa = PBXFileReference; fileEncoding = 4; lastKnownFileType = sourcecode.c.objc; path = MJRefreshBackNormalFooter.m; sourceTree = "<group>"; };
		6C3A30881CD3538A00533FFF /* MJRefreshBackStateFooter.h */ = {isa = PBXFileReference; fileEncoding = 4; lastKnownFileType = sourcecode.c.h; path = MJRefreshBackStateFooter.h; sourceTree = "<group>"; };
		6C3A30891CD3538A00533FFF /* MJRefreshBackStateFooter.m */ = {isa = PBXFileReference; fileEncoding = 4; lastKnownFileType = sourcecode.c.objc; path = MJRefreshBackStateFooter.m; sourceTree = "<group>"; };
		6C3A308B1CD3538A00533FFF /* MJRefreshGifHeader.h */ = {isa = PBXFileReference; fileEncoding = 4; lastKnownFileType = sourcecode.c.h; path = MJRefreshGifHeader.h; sourceTree = "<group>"; };
		6C3A308C1CD3538A00533FFF /* MJRefreshGifHeader.m */ = {isa = PBXFileReference; fileEncoding = 4; lastKnownFileType = sourcecode.c.objc; path = MJRefreshGifHeader.m; sourceTree = "<group>"; };
		6C3A308D1CD3538A00533FFF /* MJRefreshNormalHeader.h */ = {isa = PBXFileReference; fileEncoding = 4; lastKnownFileType = sourcecode.c.h; path = MJRefreshNormalHeader.h; sourceTree = "<group>"; };
		6C3A308E1CD3538A00533FFF /* MJRefreshNormalHeader.m */ = {isa = PBXFileReference; fileEncoding = 4; lastKnownFileType = sourcecode.c.objc; path = MJRefreshNormalHeader.m; sourceTree = "<group>"; };
		6C3A308F1CD3538A00533FFF /* MJRefreshStateHeader.h */ = {isa = PBXFileReference; fileEncoding = 4; lastKnownFileType = sourcecode.c.h; path = MJRefreshStateHeader.h; sourceTree = "<group>"; };
		6C3A30901CD3538A00533FFF /* MJRefreshStateHeader.m */ = {isa = PBXFileReference; fileEncoding = 4; lastKnownFileType = sourcecode.c.objc; path = MJRefreshStateHeader.m; sourceTree = "<group>"; };
		6C3A30911CD3538A00533FFF /* MJRefresh.bundle */ = {isa = PBXFileReference; lastKnownFileType = "wrapper.plug-in"; path = MJRefresh.bundle; sourceTree = "<group>"; };
		6C3A30921CD3538A00533FFF /* MJRefresh.h */ = {isa = PBXFileReference; fileEncoding = 4; lastKnownFileType = sourcecode.c.h; path = MJRefresh.h; sourceTree = "<group>"; };
		6C3A30931CD3538A00533FFF /* MJRefreshConst.h */ = {isa = PBXFileReference; fileEncoding = 4; lastKnownFileType = sourcecode.c.h; path = MJRefreshConst.h; sourceTree = "<group>"; };
		6C3A30941CD3538A00533FFF /* MJRefreshConst.m */ = {isa = PBXFileReference; fileEncoding = 4; lastKnownFileType = sourcecode.c.objc; path = MJRefreshConst.m; sourceTree = "<group>"; };
		6C3A30951CD3538A00533FFF /* UIScrollView+MJExtension.h */ = {isa = PBXFileReference; fileEncoding = 4; lastKnownFileType = sourcecode.c.h; path = "UIScrollView+MJExtension.h"; sourceTree = "<group>"; };
		6C3A30961CD3538A00533FFF /* UIScrollView+MJExtension.m */ = {isa = PBXFileReference; fileEncoding = 4; lastKnownFileType = sourcecode.c.objc; path = "UIScrollView+MJExtension.m"; sourceTree = "<group>"; };
		6C3A30971CD3538A00533FFF /* UIScrollView+MJRefresh.h */ = {isa = PBXFileReference; fileEncoding = 4; lastKnownFileType = sourcecode.c.h; path = "UIScrollView+MJRefresh.h"; sourceTree = "<group>"; };
		6C3A30981CD3538A00533FFF /* UIScrollView+MJRefresh.m */ = {isa = PBXFileReference; fileEncoding = 4; lastKnownFileType = sourcecode.c.objc; path = "UIScrollView+MJRefresh.m"; sourceTree = "<group>"; };
		6C3A30991CD3538A00533FFF /* UIView+MJExtension.h */ = {isa = PBXFileReference; fileEncoding = 4; lastKnownFileType = sourcecode.c.h; path = "UIView+MJExtension.h"; sourceTree = "<group>"; };
		6C3A309A1CD3538A00533FFF /* UIView+MJExtension.m */ = {isa = PBXFileReference; fileEncoding = 4; lastKnownFileType = sourcecode.c.objc; path = "UIView+MJExtension.m"; sourceTree = "<group>"; };
		6C3A30BC1CD35ACA00533FFF /* SystemConfiguration.framework */ = {isa = PBXFileReference; lastKnownFileType = wrapper.framework; name = SystemConfiguration.framework; path = System/Library/Frameworks/SystemConfiguration.framework; sourceTree = SDKROOT; };
		6C3A30CE1CD35CE000533FFF /* QuartzCore.framework */ = {isa = PBXFileReference; lastKnownFileType = wrapper.framework; name = QuartzCore.framework; path = System/Library/Frameworks/QuartzCore.framework; sourceTree = SDKROOT; };
		6C3A30D01CD35D1000533FFF /* CoreFoundation.framework */ = {isa = PBXFileReference; lastKnownFileType = wrapper.framework; name = CoreFoundation.framework; path = System/Library/Frameworks/CoreFoundation.framework; sourceTree = SDKROOT; };
		6C3A30D21CD360DC00533FFF /* RXCharacter.h */ = {isa = PBXFileReference; fileEncoding = 4; lastKnownFileType = sourcecode.c.h; path = RXCharacter.h; sourceTree = "<group>"; };
		6C3A30D31CD360DC00533FFF /* RXCharacter.m */ = {isa = PBXFileReference; fileEncoding = 4; lastKnownFileType = sourcecode.c.objc; path = RXCharacter.m; sourceTree = "<group>"; };
		6C3A30D51CD36DDC00533FFF /* RXMJHeader.h */ = {isa = PBXFileReference; fileEncoding = 4; lastKnownFileType = sourcecode.c.h; path = RXMJHeader.h; sourceTree = "<group>"; };
		6C3A30D61CD36DDC00533FFF /* RXMJHeader.m */ = {isa = PBXFileReference; fileEncoding = 4; lastKnownFileType = sourcecode.c.objc; path = RXMJHeader.m; sourceTree = "<group>"; };
		6C3A30D81CD36E3700533FFF /* RXMJFooterGif.h */ = {isa = PBXFileReference; fileEncoding = 4; lastKnownFileType = sourcecode.c.h; path = RXMJFooterGif.h; sourceTree = "<group>"; };
		6C3A30D91CD36E3700533FFF /* RXMJFooterGif.m */ = {isa = PBXFileReference; fileEncoding = 4; lastKnownFileType = sourcecode.c.objc; path = RXMJFooterGif.m; sourceTree = "<group>"; };
		6C3A30DB1CD36EC800533FFF /* RXMJHeaderGif.h */ = {isa = PBXFileReference; fileEncoding = 4; lastKnownFileType = sourcecode.c.h; path = RXMJHeaderGif.h; sourceTree = "<group>"; };
		6C3A30DC1CD36EC800533FFF /* RXMJHeaderGif.m */ = {isa = PBXFileReference; fileEncoding = 4; lastKnownFileType = sourcecode.c.objc; path = RXMJHeaderGif.m; sourceTree = "<group>"; };
		6C4BFCD51CDC9F94006476FB /* RXDataModel.h */ = {isa = PBXFileReference; fileEncoding = 4; lastKnownFileType = sourcecode.c.h; path = RXDataModel.h; sourceTree = "<group>"; };
		6C4BFCD61CDC9F94006476FB /* RXDataModel.m */ = {isa = PBXFileReference; fileEncoding = 4; lastKnownFileType = sourcecode.c.objc; path = RXDataModel.m; sourceTree = "<group>"; };
		6C816C1D1CF83D6F00823507 /* RXMineHeader.h */ = {isa = PBXFileReference; fileEncoding = 4; lastKnownFileType = sourcecode.c.h; path = RXMineHeader.h; sourceTree = "<group>"; };
		6C816C1E1CF83D6F00823507 /* RXMineHeader.m */ = {isa = PBXFileReference; fileEncoding = 4; lastKnownFileType = sourcecode.c.objc; path = RXMineHeader.m; sourceTree = "<group>"; };
		6C8480241CF6F9310052C3BF /* NSArray+RXArrLog.h */ = {isa = PBXFileReference; fileEncoding = 4; lastKnownFileType = sourcecode.c.h; path = "NSArray+RXArrLog.h"; sourceTree = "<group>"; };
		6C8480251CF6F9310052C3BF /* NSArray+RXArrLog.m */ = {isa = PBXFileReference; fileEncoding = 4; lastKnownFileType = sourcecode.c.objc; path = "NSArray+RXArrLog.m"; sourceTree = "<group>"; };
		6C8480271CF6F93F0052C3BF /* NSDictionary+RXDictLog.h */ = {isa = PBXFileReference; fileEncoding = 4; lastKnownFileType = sourcecode.c.h; path = "NSDictionary+RXDictLog.h"; sourceTree = "<group>"; };
		6C8480281CF6F93F0052C3BF /* NSDictionary+RXDictLog.m */ = {isa = PBXFileReference; fileEncoding = 4; lastKnownFileType = sourcecode.c.objc; path = "NSDictionary+RXDictLog.m"; sourceTree = "<group>"; };
		6C84802A1CF6F9D10052C3BF /* NSDateUtilities.h */ = {isa = PBXFileReference; fileEncoding = 4; lastKnownFileType = sourcecode.c.h; path = NSDateUtilities.h; sourceTree = "<group>"; };
		6C84802B1CF6F9D10052C3BF /* NSDateUtilities.m */ = {isa = PBXFileReference; fileEncoding = 4; lastKnownFileType = sourcecode.c.objc; path = NSDateUtilities.m; sourceTree = "<group>"; };
		6CA15FE91CF339B5009DCE60 /* GBInfiniteScrollView.h */ = {isa = PBXFileReference; fileEncoding = 4; lastKnownFileType = sourcecode.c.h; path = GBInfiniteScrollView.h; sourceTree = "<group>"; };
		6CA15FEA1CF339B5009DCE60 /* GBInfiniteScrollView.m */ = {isa = PBXFileReference; fileEncoding = 4; lastKnownFileType = sourcecode.c.objc; path = GBInfiniteScrollView.m; sourceTree = "<group>"; };
		6CA15FEB1CF339B5009DCE60 /* SMPageControl.h */ = {isa = PBXFileReference; fileEncoding = 4; lastKnownFileType = sourcecode.c.h; path = SMPageControl.h; sourceTree = "<group>"; };
		6CA15FEC1CF339B5009DCE60 /* SMPageControl.m */ = {isa = PBXFileReference; fileEncoding = 4; lastKnownFileType = sourcecode.c.objc; path = SMPageControl.m; sourceTree = "<group>"; };
		6CA15FF21CF33CC7009DCE60 /* UIImageView+fadeInFadeOut.m */ = {isa = PBXFileReference; fileEncoding = 4; lastKnownFileType = sourcecode.c.objc; path = "UIImageView+fadeInFadeOut.m"; sourceTree = "<group>"; };
		6CA15FF31CF33CC7009DCE60 /* UIImageView+fadeInFadeOut.h */ = {isa = PBXFileReference; fileEncoding = 4; lastKnownFileType = sourcecode.c.h; path = "UIImageView+fadeInFadeOut.h"; sourceTree = "<group>"; };
		6CA15FF81CF33FEC009DCE60 /* RXNewHomeController.h */ = {isa = PBXFileReference; fileEncoding = 4; lastKnownFileType = sourcecode.c.h; path = RXNewHomeController.h; sourceTree = "<group>"; };
		6CA15FF91CF33FEC009DCE60 /* RXNewHomeController.m */ = {isa = PBXFileReference; fileEncoding = 4; lastKnownFileType = sourcecode.c.objc; path = RXNewHomeController.m; sourceTree = "<group>"; };
		6CA15FFC1CF34042009DCE60 /* RXScrollView.h */ = {isa = PBXFileReference; fileEncoding = 4; lastKnownFileType = sourcecode.c.h; path = RXScrollView.h; sourceTree = "<group>"; };
		6CA15FFD1CF34042009DCE60 /* RXScrollView.m */ = {isa = PBXFileReference; fileEncoding = 4; lastKnownFileType = sourcecode.c.objc; path = RXScrollView.m; sourceTree = "<group>"; };
		6CA15FFF1CF3405C009DCE60 /* RXNewHomeUserInfoView.h */ = {isa = PBXFileReference; fileEncoding = 4; lastKnownFileType = sourcecode.c.h; path = RXNewHomeUserInfoView.h; sourceTree = "<group>"; };
		6CA160001CF3405C009DCE60 /* RXNewHomeUserInfoView.m */ = {isa = PBXFileReference; fileEncoding = 4; lastKnownFileType = sourcecode.c.objc; path = RXNewHomeUserInfoView.m; sourceTree = "<group>"; };
		6CA160021CF34287009DCE60 /* RXNewHomeSegmentView.h */ = {isa = PBXFileReference; fileEncoding = 4; lastKnownFileType = sourcecode.c.h; path = RXNewHomeSegmentView.h; sourceTree = "<group>"; };
		6CA160031CF34287009DCE60 /* RXNewHomeSegmentView.m */ = {isa = PBXFileReference; fileEncoding = 4; lastKnownFileType = sourcecode.c.objc; path = RXNewHomeSegmentView.m; sourceTree = "<group>"; };
		6CA160081CF3432D009DCE60 /* RXNewHomeCollectionViewCell.h */ = {isa = PBXFileReference; fileEncoding = 4; lastKnownFileType = sourcecode.c.h; path = RXNewHomeCollectionViewCell.h; sourceTree = "<group>"; };
		6CA160091CF3432D009DCE60 /* RXNewHomeCollectionViewCell.m */ = {isa = PBXFileReference; fileEncoding = 4; lastKnownFileType = sourcecode.c.objc; path = RXNewHomeCollectionViewCell.m; sourceTree = "<group>"; };
		6CA434261CD9C42400641785 /* RXUploadImageController.h */ = {isa = PBXFileReference; fileEncoding = 4; lastKnownFileType = sourcecode.c.h; path = RXUploadImageController.h; sourceTree = "<group>"; };
		6CA434271CD9C42400641785 /* RXUploadImageController.m */ = {isa = PBXFileReference; fileEncoding = 4; lastKnownFileType = sourcecode.c.objc; path = RXUploadImageController.m; sourceTree = "<group>"; };
		6CA4342A1CD9C56800641785 /* IBActionSheet.h */ = {isa = PBXFileReference; fileEncoding = 4; lastKnownFileType = sourcecode.c.h; path = IBActionSheet.h; sourceTree = "<group>"; };
		6CA4342B1CD9C56800641785 /* IBActionSheet.m */ = {isa = PBXFileReference; fileEncoding = 4; lastKnownFileType = sourcecode.c.objc; path = IBActionSheet.m; sourceTree = "<group>"; };
		6CA434301CD9E3A200641785 /* RXConstant.h */ = {isa = PBXFileReference; lastKnownFileType = sourcecode.c.h; path = RXConstant.h; sourceTree = "<group>"; };
		6CA434321CD9E5AF00641785 /* MKAnnotationView+WebCache.h */ = {isa = PBXFileReference; fileEncoding = 4; lastKnownFileType = sourcecode.c.h; path = "MKAnnotationView+WebCache.h"; sourceTree = "<group>"; };
		6CA434331CD9E5AF00641785 /* MKAnnotationView+WebCache.m */ = {isa = PBXFileReference; fileEncoding = 4; lastKnownFileType = sourcecode.c.objc; path = "MKAnnotationView+WebCache.m"; sourceTree = "<group>"; };
		6CA434341CD9E5AF00641785 /* NSData+ImageContentType.h */ = {isa = PBXFileReference; fileEncoding = 4; lastKnownFileType = sourcecode.c.h; path = "NSData+ImageContentType.h"; sourceTree = "<group>"; };
		6CA434351CD9E5AF00641785 /* NSData+ImageContentType.m */ = {isa = PBXFileReference; fileEncoding = 4; lastKnownFileType = sourcecode.c.objc; path = "NSData+ImageContentType.m"; sourceTree = "<group>"; };
		6CA434361CD9E5AF00641785 /* SDImageCache.h */ = {isa = PBXFileReference; fileEncoding = 4; lastKnownFileType = sourcecode.c.h; path = SDImageCache.h; sourceTree = "<group>"; };
		6CA434371CD9E5AF00641785 /* SDImageCache.m */ = {isa = PBXFileReference; fileEncoding = 4; lastKnownFileType = sourcecode.c.objc; path = SDImageCache.m; sourceTree = "<group>"; };
		6CA434381CD9E5AF00641785 /* SDWebImageCompat.h */ = {isa = PBXFileReference; fileEncoding = 4; lastKnownFileType = sourcecode.c.h; path = SDWebImageCompat.h; sourceTree = "<group>"; };
		6CA434391CD9E5AF00641785 /* SDWebImageCompat.m */ = {isa = PBXFileReference; fileEncoding = 4; lastKnownFileType = sourcecode.c.objc; path = SDWebImageCompat.m; sourceTree = "<group>"; };
		6CA4343A1CD9E5AF00641785 /* SDWebImageDecoder.h */ = {isa = PBXFileReference; fileEncoding = 4; lastKnownFileType = sourcecode.c.h; path = SDWebImageDecoder.h; sourceTree = "<group>"; };
		6CA4343B1CD9E5AF00641785 /* SDWebImageDecoder.m */ = {isa = PBXFileReference; fileEncoding = 4; lastKnownFileType = sourcecode.c.objc; path = SDWebImageDecoder.m; sourceTree = "<group>"; };
		6CA4343C1CD9E5AF00641785 /* SDWebImageDownloader.h */ = {isa = PBXFileReference; fileEncoding = 4; lastKnownFileType = sourcecode.c.h; path = SDWebImageDownloader.h; sourceTree = "<group>"; };
		6CA4343D1CD9E5AF00641785 /* SDWebImageDownloader.m */ = {isa = PBXFileReference; fileEncoding = 4; lastKnownFileType = sourcecode.c.objc; path = SDWebImageDownloader.m; sourceTree = "<group>"; };
		6CA4343E1CD9E5AF00641785 /* SDWebImageDownloaderOperation.h */ = {isa = PBXFileReference; fileEncoding = 4; lastKnownFileType = sourcecode.c.h; path = SDWebImageDownloaderOperation.h; sourceTree = "<group>"; };
		6CA4343F1CD9E5AF00641785 /* SDWebImageDownloaderOperation.m */ = {isa = PBXFileReference; fileEncoding = 4; lastKnownFileType = sourcecode.c.objc; path = SDWebImageDownloaderOperation.m; sourceTree = "<group>"; };
		6CA434401CD9E5AF00641785 /* SDWebImageManager.h */ = {isa = PBXFileReference; fileEncoding = 4; lastKnownFileType = sourcecode.c.h; path = SDWebImageManager.h; sourceTree = "<group>"; };
		6CA434411CD9E5AF00641785 /* SDWebImageManager.m */ = {isa = PBXFileReference; fileEncoding = 4; lastKnownFileType = sourcecode.c.objc; path = SDWebImageManager.m; sourceTree = "<group>"; };
		6CA434421CD9E5AF00641785 /* SDWebImageOperation.h */ = {isa = PBXFileReference; fileEncoding = 4; lastKnownFileType = sourcecode.c.h; path = SDWebImageOperation.h; sourceTree = "<group>"; };
		6CA434431CD9E5AF00641785 /* SDWebImagePrefetcher.h */ = {isa = PBXFileReference; fileEncoding = 4; lastKnownFileType = sourcecode.c.h; path = SDWebImagePrefetcher.h; sourceTree = "<group>"; };
		6CA434441CD9E5AF00641785 /* SDWebImagePrefetcher.m */ = {isa = PBXFileReference; fileEncoding = 4; lastKnownFileType = sourcecode.c.objc; path = SDWebImagePrefetcher.m; sourceTree = "<group>"; };
		6CA434451CD9E5AF00641785 /* UIButton+WebCache.h */ = {isa = PBXFileReference; fileEncoding = 4; lastKnownFileType = sourcecode.c.h; path = "UIButton+WebCache.h"; sourceTree = "<group>"; };
		6CA434461CD9E5AF00641785 /* UIButton+WebCache.m */ = {isa = PBXFileReference; fileEncoding = 4; lastKnownFileType = sourcecode.c.objc; path = "UIButton+WebCache.m"; sourceTree = "<group>"; };
		6CA434471CD9E5AF00641785 /* UIImage+GIF.h */ = {isa = PBXFileReference; fileEncoding = 4; lastKnownFileType = sourcecode.c.h; path = "UIImage+GIF.h"; sourceTree = "<group>"; };
		6CA434481CD9E5AF00641785 /* UIImage+GIF.m */ = {isa = PBXFileReference; fileEncoding = 4; lastKnownFileType = sourcecode.c.objc; path = "UIImage+GIF.m"; sourceTree = "<group>"; };
		6CA434491CD9E5AF00641785 /* UIImage+MultiFormat.h */ = {isa = PBXFileReference; fileEncoding = 4; lastKnownFileType = sourcecode.c.h; path = "UIImage+MultiFormat.h"; sourceTree = "<group>"; };
		6CA4344A1CD9E5AF00641785 /* UIImage+MultiFormat.m */ = {isa = PBXFileReference; fileEncoding = 4; lastKnownFileType = sourcecode.c.objc; path = "UIImage+MultiFormat.m"; sourceTree = "<group>"; };
		6CA4344B1CD9E5AF00641785 /* UIImage+WebP.h */ = {isa = PBXFileReference; fileEncoding = 4; lastKnownFileType = sourcecode.c.h; path = "UIImage+WebP.h"; sourceTree = "<group>"; };
		6CA4344C1CD9E5AF00641785 /* UIImage+WebP.m */ = {isa = PBXFileReference; fileEncoding = 4; lastKnownFileType = sourcecode.c.objc; path = "UIImage+WebP.m"; sourceTree = "<group>"; };
		6CA4344D1CD9E5AF00641785 /* UIImageView+HighlightedWebCache.h */ = {isa = PBXFileReference; fileEncoding = 4; lastKnownFileType = sourcecode.c.h; path = "UIImageView+HighlightedWebCache.h"; sourceTree = "<group>"; };
		6CA4344E1CD9E5AF00641785 /* UIImageView+HighlightedWebCache.m */ = {isa = PBXFileReference; fileEncoding = 4; lastKnownFileType = sourcecode.c.objc; path = "UIImageView+HighlightedWebCache.m"; sourceTree = "<group>"; };
		6CA4344F1CD9E5AF00641785 /* UIImageView+WebCache.h */ = {isa = PBXFileReference; fileEncoding = 4; lastKnownFileType = sourcecode.c.h; path = "UIImageView+WebCache.h"; sourceTree = "<group>"; };
		6CA434501CD9E5AF00641785 /* UIImageView+WebCache.m */ = {isa = PBXFileReference; fileEncoding = 4; lastKnownFileType = sourcecode.c.objc; path = "UIImageView+WebCache.m"; sourceTree = "<group>"; };
		6CA434511CD9E5AF00641785 /* UIView+WebCacheOperation.h */ = {isa = PBXFileReference; fileEncoding = 4; lastKnownFileType = sourcecode.c.h; path = "UIView+WebCacheOperation.h"; sourceTree = "<group>"; };
		6CA434521CD9E5AF00641785 /* UIView+WebCacheOperation.m */ = {isa = PBXFileReference; fileEncoding = 4; lastKnownFileType = sourcecode.c.objc; path = "UIView+WebCacheOperation.m"; sourceTree = "<group>"; };
		6CBF82251CDAE45A009AD4FC /* UIImageView+ProgressView.h */ = {isa = PBXFileReference; fileEncoding = 4; lastKnownFileType = sourcecode.c.h; path = "UIImageView+ProgressView.h"; sourceTree = "<group>"; };
		6CBF82261CDAE45A009AD4FC /* UIImageView+ProgressView.m */ = {isa = PBXFileReference; fileEncoding = 4; lastKnownFileType = sourcecode.c.objc; path = "UIImageView+ProgressView.m"; sourceTree = "<group>"; };
		6CBF82281CDAEDCC009AD4FC /* RXCaCheController.h */ = {isa = PBXFileReference; fileEncoding = 4; lastKnownFileType = sourcecode.c.h; path = RXCaCheController.h; sourceTree = "<group>"; };
		6CBF82291CDAEDCC009AD4FC /* RXCaCheController.m */ = {isa = PBXFileReference; fileEncoding = 4; lastKnownFileType = sourcecode.c.objc; path = RXCaCheController.m; sourceTree = "<group>"; };
		6CBF822C1CDAEE98009AD4FC /* UIView+Toast.h */ = {isa = PBXFileReference; fileEncoding = 4; lastKnownFileType = sourcecode.c.h; path = "UIView+Toast.h"; sourceTree = "<group>"; };
		6CBF822D1CDAEE98009AD4FC /* UIView+Toast.m */ = {isa = PBXFileReference; fileEncoding = 4; lastKnownFileType = sourcecode.c.objc; path = "UIView+Toast.m"; sourceTree = "<group>"; };
		6CD828B41CF831A500AF575E /* Mine.storyboard */ = {isa = PBXFileReference; fileEncoding = 4; lastKnownFileType = file.storyboard; path = Mine.storyboard; sourceTree = "<group>"; };
		6CD828B61CF831BB00AF575E /* RXMineViewController.h */ = {isa = PBXFileReference; fileEncoding = 4; lastKnownFileType = sourcecode.c.h; path = RXMineViewController.h; sourceTree = "<group>"; };
		6CD828B71CF831BB00AF575E /* RXMineViewController.m */ = {isa = PBXFileReference; fileEncoding = 4; lastKnownFileType = sourcecode.c.objc; path = RXMineViewController.m; sourceTree = "<group>"; };
		6CF322441CD71368009BD1B7 /* RXBaseViewController.h */ = {isa = PBXFileReference; fileEncoding = 4; lastKnownFileType = sourcecode.c.h; path = RXBaseViewController.h; sourceTree = "<group>"; };
		6CF322451CD71368009BD1B7 /* RXBaseViewController.m */ = {isa = PBXFileReference; fileEncoding = 4; lastKnownFileType = sourcecode.c.objc; path = RXBaseViewController.m; sourceTree = "<group>"; };
		6CF322471CD7153E009BD1B7 /* RXMessage.h */ = {isa = PBXFileReference; lastKnownFileType = sourcecode.c.h; path = RXMessage.h; sourceTree = "<group>"; };
		6CF3224D1CD86C67009BD1B7 /* RXTabBarController.h */ = {isa = PBXFileReference; fileEncoding = 4; lastKnownFileType = sourcecode.c.h; path = RXTabBarController.h; sourceTree = "<group>"; };
		6CF3224E1CD86C67009BD1B7 /* RXTabBarController.m */ = {isa = PBXFileReference; fileEncoding = 4; lastKnownFileType = sourcecode.c.objc; path = RXTabBarController.m; sourceTree = "<group>"; };
		6CF322501CD87077009BD1B7 /* RXNavBaseController.h */ = {isa = PBXFileReference; fileEncoding = 4; lastKnownFileType = sourcecode.c.h; path = RXNavBaseController.h; sourceTree = "<group>"; };
		6CF322511CD87077009BD1B7 /* RXNavBaseController.m */ = {isa = PBXFileReference; fileEncoding = 4; lastKnownFileType = sourcecode.c.objc; path = RXNavBaseController.m; sourceTree = "<group>"; };
		6CF3225B1CD879EF009BD1B7 /* Home.storyboard */ = {isa = PBXFileReference; fileEncoding = 4; lastKnownFileType = file.storyboard; path = Home.storyboard; sourceTree = "<group>"; };
		6CF3225D1CD87A27009BD1B7 /* RXHomeController.h */ = {isa = PBXFileReference; fileEncoding = 4; lastKnownFileType = sourcecode.c.h; path = RXHomeController.h; sourceTree = "<group>"; };
		6CF3225E1CD87A27009BD1B7 /* RXHomeController.m */ = {isa = PBXFileReference; fileEncoding = 4; lastKnownFileType = sourcecode.c.objc; path = RXHomeController.m; sourceTree = "<group>"; };
		6CF322631CD89D65009BD1B7 /* RXFalseDataController.h */ = {isa = PBXFileReference; fileEncoding = 4; lastKnownFileType = sourcecode.c.h; path = RXFalseDataController.h; sourceTree = "<group>"; };
		6CF322641CD89D65009BD1B7 /* RXFalseDataController.m */ = {isa = PBXFileReference; fileEncoding = 4; lastKnownFileType = sourcecode.c.objc; path = RXFalseDataController.m; sourceTree = "<group>"; };
		6CF322671CD89DA8009BD1B7 /* RXDate.h */ = {isa = PBXFileReference; fileEncoding = 4; lastKnownFileType = sourcecode.c.h; path = RXDate.h; sourceTree = "<group>"; };
		6CF322681CD89DA8009BD1B7 /* RXDate.m */ = {isa = PBXFileReference; fileEncoding = 4; lastKnownFileType = sourcecode.c.objc; path = RXDate.m; sourceTree = "<group>"; };
/* End PBXFileReference section */

/* Begin PBXFrameworksBuildPhase section */
		6C3A2FC91CD3477000533FFF /* Frameworks */ = {
			isa = PBXFrameworksBuildPhase;
			buildActionMask = 2147483647;
			files = (
				6C3A30D11CD35D1000533FFF /* CoreFoundation.framework in Frameworks */,
				6C3A30CF1CD35CE000533FFF /* QuartzCore.framework in Frameworks */,
				6C3A30BD1CD35ACA00533FFF /* SystemConfiguration.framework in Frameworks */,
			);
			runOnlyForDeploymentPostprocessing = 0;
		};
/* End PBXFrameworksBuildPhase section */

/* Begin PBXGroup section */
		6C11FD191CF6B7F200BE323D /* Utilities */ = {
			isa = PBXGroup;
			children = (
				6C84801D1CF6F8DE0052C3BF /* RXLog */,
				6C84802A1CF6F9D10052C3BF /* NSDateUtilities.h */,
				6C84802B1CF6F9D10052C3BF /* NSDateUtilities.m */,
			);
			path = Utilities;
			sourceTree = "<group>";
		};
		6C3A2FC31CD3477000533FFF = {
			isa = PBXGroup;
			children = (
				6CF322391CD712F6009BD1B7 /* Comments */,
				6C3A2FCE1CD3477000533FFF /* RXExtenstion */,
				6C3A30BB1CD35A5E00533FFF /* Frameworks */,
				6C3A2FCD1CD3477000533FFF /* Products */,
			);
			sourceTree = "<group>";
		};
		6C3A2FCD1CD3477000533FFF /* Products */ = {
			isa = PBXGroup;
			children = (
				6C3A2FCC1CD3477000533FFF /* RXExtenstion.app */,
			);
			name = Products;
			sourceTree = "<group>";
		};
		6C3A2FCE1CD3477000533FFF /* RXExtenstion */ = {
			isa = PBXGroup;
			children = (
				6C3A302D1CD352AA00533FFF /* 3rd */,
				6C3A2FE61CD3477E00533FFF /* RXExtenstion */,
				6CF3224C1CD86BFF009BD1B7 /* ViewController */,
				6C3A30181CD347A700533FFF /* model */,
				6C3A30191CD347A700533FFF /* view */,
				6C3A2FD21CD3477000533FFF /* AppDelegate.h */,
				6C3A2FD31CD3477000533FFF /* AppDelegate.m */,
				6CF3224D1CD86C67009BD1B7 /* RXTabBarController.h */,
				6CF3224E1CD86C67009BD1B7 /* RXTabBarController.m */,
				6C3A2FD81CD3477000533FFF /* Main.storyboard */,
				6C3A2FDB1CD3477000533FFF /* Assets.xcassets */,
				6C3A2FDD1CD3477000533FFF /* LaunchScreen.storyboard */,
				6C3A2FE01CD3477000533FFF /* Info.plist */,
				6C3A2FCF1CD3477000533FFF /* Supporting Files */,
			);
			path = RXExtenstion;
			sourceTree = "<group>";
		};
		6C3A2FCF1CD3477000533FFF /* Supporting Files */ = {
			isa = PBXGroup;
			children = (
				6C3A2FD01CD3477000533FFF /* main.m */,
			);
			name = "Supporting Files";
			sourceTree = "<group>";
		};
		6C3A2FE61CD3477E00533FFF /* RXExtenstion */ = {
			isa = PBXGroup;
			children = (
				6C3A30AE1CD3542100533FFF /* MJRefresh */,
				6C3A2FE71CD3477E00533FFF /* cacheDict */,
				6C3A2FF61CD3477E00533FFF /* NSBundle */,
				6C3A2FF91CD3477E00533FFF /* presetViewControllAnimal */,
				6C3A2FFF1CD3477E00533FFF /* random */,
				6C3A30021CD3477E00533FFF /* Reachability */,
				6C3A30071CD3477E00533FFF /* UIColor */,
				6C3A30D21CD360DC00533FFF /* RXCharacter.h */,
				6C3A30D31CD360DC00533FFF /* RXCharacter.m */,
				6CF322661CD89D90009BD1B7 /* RXdate */,
			);
			path = RXExtenstion;
			sourceTree = "<group>";
		};
		6C3A2FE71CD3477E00533FFF /* cacheDict */ = {
			isa = PBXGroup;
			children = (
				6C3A2FE81CD3477E00533FFF /* TTCacheUtil.h */,
				6C3A2FE91CD3477E00533FFF /* TTCacheUtil.m */,
			);
			path = cacheDict;
			sourceTree = "<group>";
		};
		6C3A2FF61CD3477E00533FFF /* NSBundle */ = {
			isa = PBXGroup;
			children = (
				6C3A301E1CD34E2B00533FFF /* RXBundle.h */,
				6C3A301F1CD34E2B00533FFF /* RXBundle.m */,
			);
			path = NSBundle;
			sourceTree = "<group>";
		};
		6C3A2FF91CD3477E00533FFF /* presetViewControllAnimal */ = {
			isa = PBXGroup;
			children = (
				6C3A2FFA1CD3477E00533FFF /* MJPopupBackgroundView.h */,
				6C3A2FFB1CD3477E00533FFF /* MJPopupBackgroundView.m */,
				6C3A2FFC1CD3477E00533FFF /* MJPopupBackgroundView.ReadME.txt */,
				6C3A2FFD1CD3477E00533FFF /* UIViewController+MJPopupViewController.h */,
				6C3A2FFE1CD3477E00533FFF /* UIViewController+MJPopupViewController.m */,
			);
			path = presetViewControllAnimal;
			sourceTree = "<group>";
		};
		6C3A2FFF1CD3477E00533FFF /* random */ = {
			isa = PBXGroup;
			children = (
				6C3A30211CD34E7D00533FFF /* RXRandom.h */,
				6C3A30221CD34E7D00533FFF /* RXRandom.m */,
			);
			path = random;
			sourceTree = "<group>";
		};
		6C3A30021CD3477E00533FFF /* Reachability */ = {
			isa = PBXGroup;
			children = (
				6C11FD101CF6B7CB00BE323D /* Reachability.h */,
				6C11FD111CF6B7CB00BE323D /* Reachability.m */,
				6C11FD141CF6B7CB00BE323D /* RXNetworkCheck.h */,
				6C11FD151CF6B7CB00BE323D /* RXNetworkCheck.m */,
				6C11FD121CF6B7CB00BE323D /* RXGetNetStatus.h */,
				6C11FD131CF6B7CB00BE323D /* RXGetNetStatus.m */,
			);
			path = Reachability;
			sourceTree = "<group>";
		};
		6C3A30071CD3477E00533FFF /* UIColor */ = {
			isa = PBXGroup;
			children = (
				6C3A30271CD3507400533FFF /* RXHexColor.h */,
				6C3A30281CD3507400533FFF /* RXHexColor.m */,
			);
			path = UIColor;
			sourceTree = "<group>";
		};
		6C3A30181CD347A700533FFF /* model */ = {
			isa = PBXGroup;
			children = (
				6C4BFCD51CDC9F94006476FB /* RXDataModel.h */,
				6C4BFCD61CDC9F94006476FB /* RXDataModel.m */,
				6CF322471CD7153E009BD1B7 /* RXMessage.h */,
				6CA434301CD9E3A200641785 /* RXConstant.h */,
				6C3A301A1CD347E200533FFF /* PrefixHeader.h */,
				6C3A302A1CD3516800533FFF /* RXAFNS.h */,
				6C3A302B1CD3516800533FFF /* RXAFNS.m */,
			);
			path = model;
			sourceTree = "<group>";
		};
		6C3A30191CD347A700533FFF /* view */ = {
			isa = PBXGroup;
			children = (
			);
			path = view;
			sourceTree = "<group>";
		};
		6C3A302D1CD352AA00533FFF /* 3rd */ = {
			isa = PBXGroup;
			children = (
				6CA15FE81CF339B5009DCE60 /* GBInfiniteScrollView */,
				6CBF822B1CDAEE98009AD4FC /* Toast */,
				6CA434311CD9E5AF00641785 /* SDWebImage */,
				6CA434291CD9C56800641785 /* IBActionSheet */,
				6C3A306E1CD3538A00533FFF /* MJRefresh */,
				6C3A302E1CD352AA00533FFF /* AFNetworking */,
			);
			path = 3rd;
			sourceTree = "<group>";
		};
		6C3A302E1CD352AA00533FFF /* AFNetworking */ = {
			isa = PBXGroup;
			children = (
				6C3A302F1CD352AA00533FFF /* AFNetworking */,
				6C3A303D1CD352AA00533FFF /* UIKit+AFNetworking */,
			);
			path = AFNetworking;
			sourceTree = "<group>";
		};
		6C3A302F1CD352AA00533FFF /* AFNetworking */ = {
			isa = PBXGroup;
			children = (
				6C3A30301CD352AA00533FFF /* AFHTTPSessionManager.h */,
				6C3A30311CD352AA00533FFF /* AFHTTPSessionManager.m */,
				6C3A30321CD352AA00533FFF /* AFNetworking.h */,
				6C3A30331CD352AA00533FFF /* AFNetworkReachabilityManager.h */,
				6C3A30341CD352AA00533FFF /* AFNetworkReachabilityManager.m */,
				6C3A30351CD352AA00533FFF /* AFSecurityPolicy.h */,
				6C3A30361CD352AA00533FFF /* AFSecurityPolicy.m */,
				6C3A30371CD352AA00533FFF /* AFURLRequestSerialization.h */,
				6C3A30381CD352AA00533FFF /* AFURLRequestSerialization.m */,
				6C3A30391CD352AA00533FFF /* AFURLResponseSerialization.h */,
				6C3A303A1CD352AA00533FFF /* AFURLResponseSerialization.m */,
				6C3A303B1CD352AA00533FFF /* AFURLSessionManager.h */,
				6C3A303C1CD352AA00533FFF /* AFURLSessionManager.m */,
			);
			path = AFNetworking;
			sourceTree = "<group>";
		};
		6C3A303D1CD352AA00533FFF /* UIKit+AFNetworking */ = {
			isa = PBXGroup;
			children = (
				6C3A303E1CD352AA00533FFF /* AFAutoPurgingImageCache.h */,
				6C3A303F1CD352AA00533FFF /* AFAutoPurgingImageCache.m */,
				6C3A30401CD352AA00533FFF /* AFImageDownloader.h */,
				6C3A30411CD352AA00533FFF /* AFImageDownloader.m */,
				6C3A30421CD352AA00533FFF /* AFNetworkActivityIndicatorManager.h */,
				6C3A30431CD352AA00533FFF /* AFNetworkActivityIndicatorManager.m */,
				6C3A30441CD352AA00533FFF /* UIActivityIndicatorView+AFNetworking.h */,
				6C3A30451CD352AA00533FFF /* UIActivityIndicatorView+AFNetworking.m */,
				6C3A30461CD352AA00533FFF /* UIButton+AFNetworking.h */,
				6C3A30471CD352AA00533FFF /* UIButton+AFNetworking.m */,
				6C3A30481CD352AA00533FFF /* UIImage+AFNetworking.h */,
				6C3A30491CD352AA00533FFF /* UIImageView+AFNetworking.h */,
				6C3A304A1CD352AA00533FFF /* UIImageView+AFNetworking.m */,
				6C3A304B1CD352AA00533FFF /* UIKit+AFNetworking.h */,
				6C3A304C1CD352AA00533FFF /* UIProgressView+AFNetworking.h */,
				6C3A304D1CD352AA00533FFF /* UIProgressView+AFNetworking.m */,
				6C3A304E1CD352AA00533FFF /* UIRefreshControl+AFNetworking.h */,
				6C3A304F1CD352AA00533FFF /* UIRefreshControl+AFNetworking.m */,
				6C3A30501CD352AA00533FFF /* UIWebView+AFNetworking.h */,
				6C3A30511CD352AA00533FFF /* UIWebView+AFNetworking.m */,
			);
			path = "UIKit+AFNetworking";
			sourceTree = "<group>";
		};
		6C3A306E1CD3538A00533FFF /* MJRefresh */ = {
			isa = PBXGroup;
			children = (
				6C3A306F1CD3538A00533FFF /* Base */,
				6C3A307A1CD3538A00533FFF /* Custom */,
				6C3A30911CD3538A00533FFF /* MJRefresh.bundle */,
				6C3A30921CD3538A00533FFF /* MJRefresh.h */,
				6C3A30931CD3538A00533FFF /* MJRefreshConst.h */,
				6C3A30941CD3538A00533FFF /* MJRefreshConst.m */,
				6C3A30951CD3538A00533FFF /* UIScrollView+MJExtension.h */,
				6C3A30961CD3538A00533FFF /* UIScrollView+MJExtension.m */,
				6C3A30971CD3538A00533FFF /* UIScrollView+MJRefresh.h */,
				6C3A30981CD3538A00533FFF /* UIScrollView+MJRefresh.m */,
				6C3A30991CD3538A00533FFF /* UIView+MJExtension.h */,
				6C3A309A1CD3538A00533FFF /* UIView+MJExtension.m */,
			);
			path = MJRefresh;
			sourceTree = "<group>";
		};
		6C3A306F1CD3538A00533FFF /* Base */ = {
			isa = PBXGroup;
			children = (
				6C3A30701CD3538A00533FFF /* MJRefreshAutoFooter.h */,
				6C3A30711CD3538A00533FFF /* MJRefreshAutoFooter.m */,
				6C3A30721CD3538A00533FFF /* MJRefreshBackFooter.h */,
				6C3A30731CD3538A00533FFF /* MJRefreshBackFooter.m */,
				6C3A30741CD3538A00533FFF /* MJRefreshComponent.h */,
				6C3A30751CD3538A00533FFF /* MJRefreshComponent.m */,
				6C3A30761CD3538A00533FFF /* MJRefreshFooter.h */,
				6C3A30771CD3538A00533FFF /* MJRefreshFooter.m */,
				6C3A30781CD3538A00533FFF /* MJRefreshHeader.h */,
				6C3A30791CD3538A00533FFF /* MJRefreshHeader.m */,
			);
			path = Base;
			sourceTree = "<group>";
		};
		6C3A307A1CD3538A00533FFF /* Custom */ = {
			isa = PBXGroup;
			children = (
				6C3A307B1CD3538A00533FFF /* Footer */,
				6C3A308A1CD3538A00533FFF /* Header */,
			);
			path = Custom;
			sourceTree = "<group>";
		};
		6C3A307B1CD3538A00533FFF /* Footer */ = {
			isa = PBXGroup;
			children = (
				6C3A307C1CD3538A00533FFF /* Auto */,
				6C3A30831CD3538A00533FFF /* Back */,
			);
			path = Footer;
			sourceTree = "<group>";
		};
		6C3A307C1CD3538A00533FFF /* Auto */ = {
			isa = PBXGroup;
			children = (
				6C3A307D1CD3538A00533FFF /* MJRefreshAutoGifFooter.h */,
				6C3A307E1CD3538A00533FFF /* MJRefreshAutoGifFooter.m */,
				6C3A307F1CD3538A00533FFF /* MJRefreshAutoNormalFooter.h */,
				6C3A30801CD3538A00533FFF /* MJRefreshAutoNormalFooter.m */,
				6C3A30811CD3538A00533FFF /* MJRefreshAutoStateFooter.h */,
				6C3A30821CD3538A00533FFF /* MJRefreshAutoStateFooter.m */,
			);
			path = Auto;
			sourceTree = "<group>";
		};
		6C3A30831CD3538A00533FFF /* Back */ = {
			isa = PBXGroup;
			children = (
				6C3A30841CD3538A00533FFF /* MJRefreshBackGifFooter.h */,
				6C3A30851CD3538A00533FFF /* MJRefreshBackGifFooter.m */,
				6C3A30861CD3538A00533FFF /* MJRefreshBackNormalFooter.h */,
				6C3A30871CD3538A00533FFF /* MJRefreshBackNormalFooter.m */,
				6C3A30881CD3538A00533FFF /* MJRefreshBackStateFooter.h */,
				6C3A30891CD3538A00533FFF /* MJRefreshBackStateFooter.m */,
			);
			path = Back;
			sourceTree = "<group>";
		};
		6C3A308A1CD3538A00533FFF /* Header */ = {
			isa = PBXGroup;
			children = (
				6C3A308B1CD3538A00533FFF /* MJRefreshGifHeader.h */,
				6C3A308C1CD3538A00533FFF /* MJRefreshGifHeader.m */,
				6C3A308D1CD3538A00533FFF /* MJRefreshNormalHeader.h */,
				6C3A308E1CD3538A00533FFF /* MJRefreshNormalHeader.m */,
				6C3A308F1CD3538A00533FFF /* MJRefreshStateHeader.h */,
				6C3A30901CD3538A00533FFF /* MJRefreshStateHeader.m */,
			);
			path = Header;
			sourceTree = "<group>";
		};
		6C3A30AE1CD3542100533FFF /* MJRefresh */ = {
			isa = PBXGroup;
			children = (
				6C3A30D51CD36DDC00533FFF /* RXMJHeader.h */,
				6C3A30D61CD36DDC00533FFF /* RXMJHeader.m */,
				6C3A30D81CD36E3700533FFF /* RXMJFooterGif.h */,
				6C3A30D91CD36E3700533FFF /* RXMJFooterGif.m */,
				6C3A30DB1CD36EC800533FFF /* RXMJHeaderGif.h */,
				6C3A30DC1CD36EC800533FFF /* RXMJHeaderGif.m */,
			);
			path = MJRefresh;
			sourceTree = "<group>";
		};
		6C3A30BB1CD35A5E00533FFF /* Frameworks */ = {
			isa = PBXGroup;
			children = (
				6C3A30D01CD35D1000533FFF /* CoreFoundation.framework */,
				6C3A30CE1CD35CE000533FFF /* QuartzCore.framework */,
				6C3A30BC1CD35ACA00533FFF /* SystemConfiguration.framework */,
			);
			name = Frameworks;
			sourceTree = "<group>";
		};
		6C84801D1CF6F8DE0052C3BF /* RXLog */ = {
			isa = PBXGroup;
			children = (
				6C8480241CF6F9310052C3BF /* NSArray+RXArrLog.h */,
				6C8480251CF6F9310052C3BF /* NSArray+RXArrLog.m */,
				6C8480271CF6F93F0052C3BF /* NSDictionary+RXDictLog.h */,
				6C8480281CF6F93F0052C3BF /* NSDictionary+RXDictLog.m */,
			);
			path = RXLog;
			sourceTree = "<group>";
		};
		6CA15FE81CF339B5009DCE60 /* GBInfiniteScrollView */ = {
			isa = PBXGroup;
			children = (
				6CA15FE91CF339B5009DCE60 /* GBInfiniteScrollView.h */,
				6CA15FEA1CF339B5009DCE60 /* GBInfiniteScrollView.m */,
				6CA15FEB1CF339B5009DCE60 /* SMPageControl.h */,
				6CA15FEC1CF339B5009DCE60 /* SMPageControl.m */,
			);
			path = GBInfiniteScrollView;
			sourceTree = "<group>";
		};
		6CA15FFB1CF34042009DCE60 /* RXNewHome */ = {
			isa = PBXGroup;
			children = (
				6CA15FFC1CF34042009DCE60 /* RXScrollView.h */,
				6CA15FFD1CF34042009DCE60 /* RXScrollView.m */,
				6CA15FFF1CF3405C009DCE60 /* RXNewHomeUserInfoView.h */,
				6CA160001CF3405C009DCE60 /* RXNewHomeUserInfoView.m */,
				6CA160021CF34287009DCE60 /* RXNewHomeSegmentView.h */,
				6CA160031CF34287009DCE60 /* RXNewHomeSegmentView.m */,
				6CA160081CF3432D009DCE60 /* RXNewHomeCollectionViewCell.h */,
				6CA160091CF3432D009DCE60 /* RXNewHomeCollectionViewCell.m */,
				6C32D6A91CF3E7C7003EE112 /* RXNewHomeTableViewCell.h */,
				6C32D6AA1CF3E7C7003EE112 /* RXNewHomeTableViewCell.m */,
			);
			path = RXNewHome;
			sourceTree = "<group>";
		};
		6CA434291CD9C56800641785 /* IBActionSheet */ = {
			isa = PBXGroup;
			children = (
				6CA4342A1CD9C56800641785 /* IBActionSheet.h */,
				6CA4342B1CD9C56800641785 /* IBActionSheet.m */,
			);
			path = IBActionSheet;
			sourceTree = "<group>";
		};
		6CA434311CD9E5AF00641785 /* SDWebImage */ = {
			isa = PBXGroup;
			children = (
				6CA434321CD9E5AF00641785 /* MKAnnotationView+WebCache.h */,
				6CA434331CD9E5AF00641785 /* MKAnnotationView+WebCache.m */,
				6CA434341CD9E5AF00641785 /* NSData+ImageContentType.h */,
				6CA434351CD9E5AF00641785 /* NSData+ImageContentType.m */,
				6CA434361CD9E5AF00641785 /* SDImageCache.h */,
				6CA434371CD9E5AF00641785 /* SDImageCache.m */,
				6CA434381CD9E5AF00641785 /* SDWebImageCompat.h */,
				6CA434391CD9E5AF00641785 /* SDWebImageCompat.m */,
				6CA4343A1CD9E5AF00641785 /* SDWebImageDecoder.h */,
				6CA4343B1CD9E5AF00641785 /* SDWebImageDecoder.m */,
				6CA4343C1CD9E5AF00641785 /* SDWebImageDownloader.h */,
				6CA4343D1CD9E5AF00641785 /* SDWebImageDownloader.m */,
				6CA4343E1CD9E5AF00641785 /* SDWebImageDownloaderOperation.h */,
				6CA4343F1CD9E5AF00641785 /* SDWebImageDownloaderOperation.m */,
				6CA434401CD9E5AF00641785 /* SDWebImageManager.h */,
				6CA434411CD9E5AF00641785 /* SDWebImageManager.m */,
				6CA434421CD9E5AF00641785 /* SDWebImageOperation.h */,
				6CA434431CD9E5AF00641785 /* SDWebImagePrefetcher.h */,
				6CA434441CD9E5AF00641785 /* SDWebImagePrefetcher.m */,
				6CA434451CD9E5AF00641785 /* UIButton+WebCache.h */,
				6CA434461CD9E5AF00641785 /* UIButton+WebCache.m */,
				6CA434471CD9E5AF00641785 /* UIImage+GIF.h */,
				6CA434481CD9E5AF00641785 /* UIImage+GIF.m */,
				6CA434491CD9E5AF00641785 /* UIImage+MultiFormat.h */,
				6CA4344A1CD9E5AF00641785 /* UIImage+MultiFormat.m */,
				6CA4344B1CD9E5AF00641785 /* UIImage+WebP.h */,
				6CA4344C1CD9E5AF00641785 /* UIImage+WebP.m */,
				6CA4344D1CD9E5AF00641785 /* UIImageView+HighlightedWebCache.h */,
				6CBF82251CDAE45A009AD4FC /* UIImageView+ProgressView.h */,
				6CBF82261CDAE45A009AD4FC /* UIImageView+ProgressView.m */,
				6CA4344E1CD9E5AF00641785 /* UIImageView+HighlightedWebCache.m */,
				6CA4344F1CD9E5AF00641785 /* UIImageView+WebCache.h */,
				6CA434501CD9E5AF00641785 /* UIImageView+WebCache.m */,
				6CA434511CD9E5AF00641785 /* UIView+WebCacheOperation.h */,
				6CA434521CD9E5AF00641785 /* UIView+WebCacheOperation.m */,
				6CA15FF21CF33CC7009DCE60 /* UIImageView+fadeInFadeOut.m */,
				6CA15FF31CF33CC7009DCE60 /* UIImageView+fadeInFadeOut.h */,
			);
			path = SDWebImage;
			sourceTree = "<group>";
		};
		6CBF822B1CDAEE98009AD4FC /* Toast */ = {
			isa = PBXGroup;
			children = (
				6CBF822C1CDAEE98009AD4FC /* UIView+Toast.h */,
				6CBF822D1CDAEE98009AD4FC /* UIView+Toast.m */,
			);
			path = Toast;
			sourceTree = "<group>";
		};
		6CF322391CD712F6009BD1B7 /* Comments */ = {
			isa = PBXGroup;
			children = (
				6C11FD191CF6B7F200BE323D /* Utilities */,
				6CF322431CD71368009BD1B7 /* ViewController */,
			);
			name = Comments;
			path = RXExtenstion/Comments;
			sourceTree = "<group>";
		};
		6CF322431CD71368009BD1B7 /* ViewController */ = {
			isa = PBXGroup;
			children = (
				6CF322501CD87077009BD1B7 /* RXNavBaseController.h */,
				6CF322511CD87077009BD1B7 /* RXNavBaseController.m */,
				6CF322441CD71368009BD1B7 /* RXBaseViewController.h */,
				6CF322451CD71368009BD1B7 /* RXBaseViewController.m */,
			);
			path = ViewController;
			sourceTree = "<group>";
		};
		6CF3224C1CD86BFF009BD1B7 /* ViewController */ = {
			isa = PBXGroup;
			children = (
				6CF322531CD879BF009BD1B7 /* Home */,
				6CF322571CD879BF009BD1B7 /* User */,
			);
			path = ViewController;
			sourceTree = "<group>";
		};
		6CF322531CD879BF009BD1B7 /* Home */ = {
			isa = PBXGroup;
			children = (
				6CF322541CD879BF009BD1B7 /* Controller */,
				6CF322551CD879BF009BD1B7 /* Model */,
				6CF322561CD879BF009BD1B7 /* Views */,
			);
			path = Home;
			sourceTree = "<group>";
		};
		6CF322541CD879BF009BD1B7 /* Controller */ = {
			isa = PBXGroup;
			children = (
				6CF3225B1CD879EF009BD1B7 /* Home.storyboard */,
				6CF3225D1CD87A27009BD1B7 /* RXHomeController.h */,
				6CF3225E1CD87A27009BD1B7 /* RXHomeController.m */,
				6CF322631CD89D65009BD1B7 /* RXFalseDataController.h */,
				6CF322641CD89D65009BD1B7 /* RXFalseDataController.m */,
				6CBF82281CDAEDCC009AD4FC /* RXCaCheController.h */,
				6CBF82291CDAEDCC009AD4FC /* RXCaCheController.m */,
				6CA434261CD9C42400641785 /* RXUploadImageController.h */,
				6CA434271CD9C42400641785 /* RXUploadImageController.m */,
				6CA15FF81CF33FEC009DCE60 /* RXNewHomeController.h */,
				6CA15FF91CF33FEC009DCE60 /* RXNewHomeController.m */,
				6C35E8BD1CF53B680072A8EC /* RXSystemAlertController.h */,
				6C35E8BE1CF53B680072A8EC /* RXSystemAlertController.m */,
			);
			path = Controller;
			sourceTree = "<group>";
		};
		6CF322551CD879BF009BD1B7 /* Model */ = {
			isa = PBXGroup;
			children = (
			);
			path = Model;
			sourceTree = "<group>";
		};
		6CF322561CD879BF009BD1B7 /* Views */ = {
			isa = PBXGroup;
			children = (
				6CA15FFB1CF34042009DCE60 /* RXNewHome */,
			);
			path = Views;
			sourceTree = "<group>";
		};
		6CF322571CD879BF009BD1B7 /* User */ = {
			isa = PBXGroup;
			children = (
				6CF322581CD879BF009BD1B7 /* Controller */,
				6CF322591CD879BF009BD1B7 /* Model */,
				6CF3225A1CD879BF009BD1B7 /* Views */,
			);
			path = User;
			sourceTree = "<group>";
		};
		6CF322581CD879BF009BD1B7 /* Controller */ = {
			isa = PBXGroup;
			children = (
				6CD828B41CF831A500AF575E /* Mine.storyboard */,
				6CD828B61CF831BB00AF575E /* RXMineViewController.h */,
				6CD828B71CF831BB00AF575E /* RXMineViewController.m */,
			);
			path = Controller;
			sourceTree = "<group>";
		};
		6CF322591CD879BF009BD1B7 /* Model */ = {
			isa = PBXGroup;
			children = (
			);
			path = Model;
			sourceTree = "<group>";
		};
		6CF3225A1CD879BF009BD1B7 /* Views */ = {
			isa = PBXGroup;
			children = (
				6C816C1D1CF83D6F00823507 /* RXMineHeader.h */,
				6C816C1E1CF83D6F00823507 /* RXMineHeader.m */,
				6C25DA551CFEBC6F00E65A38 /* RXMineInfoViewController.h */,
				6C25DA561CFEBC6F00E65A38 /* RXMineInfoViewController.m */,
				6C25DA521CFEAE6000E65A38 /* RXMineWebViewController.h */,
				6C25DA531CFEAE6000E65A38 /* RXMineWebViewController.m */,
			);
			path = Views;
			sourceTree = "<group>";
		};
		6CF322661CD89D90009BD1B7 /* RXdate */ = {
			isa = PBXGroup;
			children = (
				6CF322671CD89DA8009BD1B7 /* RXDate.h */,
				6CF322681CD89DA8009BD1B7 /* RXDate.m */,
			);
			path = RXdate;
			sourceTree = "<group>";
		};
/* End PBXGroup section */

/* Begin PBXNativeTarget section */
		6C3A2FCB1CD3477000533FFF /* RXExtenstion */ = {
			isa = PBXNativeTarget;
			buildConfigurationList = 6C3A2FE31CD3477000533FFF /* Build configuration list for PBXNativeTarget "RXExtenstion" */;
			buildPhases = (
				6C3A2FC81CD3477000533FFF /* Sources */,
				6C3A2FC91CD3477000533FFF /* Frameworks */,
				6C3A2FCA1CD3477000533FFF /* Resources */,
			);
			buildRules = (
			);
			dependencies = (
			);
			name = RXExtenstion;
			productName = RXExtenstion;
			productReference = 6C3A2FCC1CD3477000533FFF /* RXExtenstion.app */;
			productType = "com.apple.product-type.application";
		};
/* End PBXNativeTarget section */

/* Begin PBXProject section */
		6C3A2FC41CD3477000533FFF /* Project object */ = {
			isa = PBXProject;
			attributes = {
				CLASSPREFIX = RX;
				LastUpgradeCheck = 0730;
				ORGANIZATIONNAME = "https://github.com/srxboys";
				TargetAttributes = {
					6C3A2FCB1CD3477000533FFF = {
						CreatedOnToolsVersion = 7.3;
					};
				};
			};
			buildConfigurationList = 6C3A2FC71CD3477000533FFF /* Build configuration list for PBXProject "RXExtenstion" */;
			compatibilityVersion = "Xcode 3.2";
			developmentRegion = English;
			hasScannedForEncodings = 0;
			knownRegions = (
				en,
				Base,
			);
			mainGroup = 6C3A2FC31CD3477000533FFF;
			productRefGroup = 6C3A2FCD1CD3477000533FFF /* Products */;
			projectDirPath = "";
			projectRoot = "";
			targets = (
				6C3A2FCB1CD3477000533FFF /* RXExtenstion */,
			);
		};
/* End PBXProject section */

/* Begin PBXResourcesBuildPhase section */
		6C3A2FCA1CD3477000533FFF /* Resources */ = {
			isa = PBXResourcesBuildPhase;
			buildActionMask = 2147483647;
			files = (
				6C3A30121CD3477E00533FFF /* MJPopupBackgroundView.ReadME.txt in Resources */,
				6C3A30A91CD3538A00533FFF /* MJRefresh.bundle in Resources */,
				6C3A2FDF1CD3477000533FFF /* LaunchScreen.storyboard in Resources */,
				6CF3225C1CD879EF009BD1B7 /* Home.storyboard in Resources */,
				6CD828B51CF831A500AF575E /* Mine.storyboard in Resources */,
				6C3A2FDC1CD3477000533FFF /* Assets.xcassets in Resources */,
				6C3A2FDA1CD3477000533FFF /* Main.storyboard in Resources */,
			);
			runOnlyForDeploymentPostprocessing = 0;
		};
/* End PBXResourcesBuildPhase section */

/* Begin PBXSourcesBuildPhase section */
		6C3A2FC81CD3477000533FFF /* Sources */ = {
			isa = PBXSourcesBuildPhase;
			buildActionMask = 2147483647;
			files = (
				6CF3224F1CD86C67009BD1B7 /* RXTabBarController.m in Sources */,
				6CA4345A1CD9E5AF00641785 /* SDWebImageManager.m in Sources */,
				6C3A30A01CD3538A00533FFF /* MJRefreshAutoGifFooter.m in Sources */,
				6CA15FFE1CF34042009DCE60 /* RXScrollView.m in Sources */,
				6CBF822E1CDAEE98009AD4FC /* UIView+Toast.m in Sources */,
				6C3A30A21CD3538A00533FFF /* MJRefreshAutoStateFooter.m in Sources */,
				6C3A305F1CD352AA00533FFF /* AFSecurityPolicy.m in Sources */,
				6C3A309D1CD3538A00533FFF /* MJRefreshComponent.m in Sources */,
				6C3A309E1CD3538A00533FFF /* MJRefreshFooter.m in Sources */,
				6CA1600A1CF3432D009DCE60 /* RXNewHomeCollectionViewCell.m in Sources */,
				6C35E8BF1CF53B680072A8EC /* RXSystemAlertController.m in Sources */,
				6CA4345E1CD9E5AF00641785 /* UIImage+MultiFormat.m in Sources */,
				6C25DA541CFEAE6000E65A38 /* RXMineWebViewController.m in Sources */,
				6C3A30D41CD360DC00533FFF /* RXCharacter.m in Sources */,
				6C3A2FD41CD3477000533FFF /* AppDelegate.m in Sources */,
				6C3A30691CD352AA00533FFF /* UIProgressView+AFNetworking.m in Sources */,
				6CBF822A1CDAEDCC009AD4FC /* RXCaCheController.m in Sources */,
				6C3A30651CD352AA00533FFF /* AFNetworkActivityIndicatorManager.m in Sources */,
				6CD828B81CF831BB00AF575E /* RXMineViewController.m in Sources */,
				6C3A30131CD3477E00533FFF /* UIViewController+MJPopupViewController.m in Sources */,
				6C8480291CF6F93F0052C3BF /* NSDictionary+RXDictLog.m in Sources */,
				6C84802C1CF6F9D10052C3BF /* NSDateUtilities.m in Sources */,
				6C816C1F1CF83D6F00823507 /* RXMineHeader.m in Sources */,
				6CA4345D1CD9E5AF00641785 /* UIImage+GIF.m in Sources */,
				6C3A30AC1CD3538A00533FFF /* UIScrollView+MJRefresh.m in Sources */,
				6C3A30AB1CD3538A00533FFF /* UIScrollView+MJExtension.m in Sources */,
				6CA4345B1CD9E5AF00641785 /* SDWebImagePrefetcher.m in Sources */,
				6C3A30A61CD3538A00533FFF /* MJRefreshGifHeader.m in Sources */,
				6C3A30671CD352AA00533FFF /* UIButton+AFNetworking.m in Sources */,
				6CA160041CF34287009DCE60 /* RXNewHomeSegmentView.m in Sources */,
				6CF322691CD89DA8009BD1B7 /* RXDate.m in Sources */,
				6C3A30A81CD3538A00533FFF /* MJRefreshStateHeader.m in Sources */,
				6C3A30111CD3477E00533FFF /* MJPopupBackgroundView.m in Sources */,
				6C3A30A41CD3538A00533FFF /* MJRefreshBackNormalFooter.m in Sources */,
				6C3A30641CD352AA00533FFF /* AFImageDownloader.m in Sources */,
				6C11FD171CF6B7CB00BE323D /* RXGetNetStatus.m in Sources */,
				6C3A306B1CD352AA00533FFF /* UIWebView+AFNetworking.m in Sources */,
				6CA4345C1CD9E5AF00641785 /* UIButton+WebCache.m in Sources */,
				6C3A30601CD352AA00533FFF /* AFURLRequestSerialization.m in Sources */,
				6CA434611CD9E5AF00641785 /* UIImageView+WebCache.m in Sources */,
				6C3A30DD1CD36EC800533FFF /* RXMJHeaderGif.m in Sources */,
				6C3A30201CD34E2B00533FFF /* RXBundle.m in Sources */,
				6CA434581CD9E5AF00641785 /* SDWebImageDownloader.m in Sources */,
				6CA15FEE1CF339B5009DCE60 /* SMPageControl.m in Sources */,
				6C3A30631CD352AA00533FFF /* AFAutoPurgingImageCache.m in Sources */,
				6C3A30621CD352AA00533FFF /* AFURLSessionManager.m in Sources */,
				6CA4345F1CD9E5AF00641785 /* UIImage+WebP.m in Sources */,
				6CF322651CD89D65009BD1B7 /* RXFalseDataController.m in Sources */,
				6CA160011CF3405C009DCE60 /* RXNewHomeUserInfoView.m in Sources */,
				6C3A30231CD34E7D00533FFF /* RXRandom.m in Sources */,
				6C3A30661CD352AA00533FFF /* UIActivityIndicatorView+AFNetworking.m in Sources */,
				6C25DA571CFEBC6F00E65A38 /* RXMineInfoViewController.m in Sources */,
				6CF322521CD87077009BD1B7 /* RXNavBaseController.m in Sources */,
				6C3A300A1CD3477E00533FFF /* TTCacheUtil.m in Sources */,
				6C3A302C1CD3516800533FFF /* RXAFNS.m in Sources */,
				6C3A30A71CD3538A00533FFF /* MJRefreshNormalHeader.m in Sources */,
				6C3A30D71CD36DDC00533FFF /* RXMJHeader.m in Sources */,
				6CA4342C1CD9C56800641785 /* IBActionSheet.m in Sources */,
				6CA434561CD9E5AF00641785 /* SDWebImageCompat.m in Sources */,
				6C3A30A11CD3538A00533FFF /* MJRefreshAutoNormalFooter.m in Sources */,
				6C3A30AD1CD3538A00533FFF /* UIView+MJExtension.m in Sources */,
				6CF322461CD71368009BD1B7 /* RXBaseViewController.m in Sources */,
				6C3A30611CD352AA00533FFF /* AFURLResponseSerialization.m in Sources */,
				6C8480261CF6F9310052C3BF /* NSArray+RXArrLog.m in Sources */,
				6CBF82271CDAE45A009AD4FC /* UIImageView+ProgressView.m in Sources */,
				6C32D6AB1CF3E7C7003EE112 /* RXNewHomeTableViewCell.m in Sources */,
				6C3A30DA1CD36E3700533FFF /* RXMJFooterGif.m in Sources */,
				6CA434571CD9E5AF00641785 /* SDWebImageDecoder.m in Sources */,
				6CA15FFA1CF33FEC009DCE60 /* RXNewHomeController.m in Sources */,
				6CA434621CD9E5AF00641785 /* UIView+WebCacheOperation.m in Sources */,
				6C3A306A1CD352AA00533FFF /* UIRefreshControl+AFNetworking.m in Sources */,
				6C4BFCD71CDC9F94006476FB /* RXDataModel.m in Sources */,
				6CA15FF41CF33CC7009DCE60 /* UIImageView+fadeInFadeOut.m in Sources */,
				6C3A309B1CD3538A00533FFF /* MJRefreshAutoFooter.m in Sources */,
				6C11FD181CF6B7CB00BE323D /* RXNetworkCheck.m in Sources */,
				6CA434281CD9C42400641785 /* RXUploadImageController.m in Sources */,
				6C3A30681CD352AA00533FFF /* UIImageView+AFNetworking.m in Sources */,
				6C3A30A51CD3538A00533FFF /* MJRefreshBackStateFooter.m in Sources */,
				6C3A305E1CD352AA00533FFF /* AFNetworkReachabilityManager.m in Sources */,
				6C3A309F1CD3538A00533FFF /* MJRefreshHeader.m in Sources */,
				6C3A30A31CD3538A00533FFF /* MJRefreshBackGifFooter.m in Sources */,
				6C3A30291CD3507400533FFF /* RXHexColor.m in Sources */,
				6C3A30AA1CD3538A00533FFF /* MJRefreshConst.m in Sources */,
				6CA434551CD9E5AF00641785 /* SDImageCache.m in Sources */,
				6CF3225F1CD87A27009BD1B7 /* RXHomeController.m in Sources */,
				6CA434531CD9E5AF00641785 /* MKAnnotationView+WebCache.m in Sources */,
				6C3A2FD11CD3477000533FFF /* main.m in Sources */,
				6C3A305D1CD352AA00533FFF /* AFHTTPSessionManager.m in Sources */,
				6CA434591CD9E5AF00641785 /* SDWebImageDownloaderOperation.m in Sources */,
				6CA15FED1CF339B5009DCE60 /* GBInfiniteScrollView.m in Sources */,
				6CA434541CD9E5AF00641785 /* NSData+ImageContentType.m in Sources */,
				6CA434601CD9E5AF00641785 /* UIImageView+HighlightedWebCache.m in Sources */,
				6C3A309C1CD3538A00533FFF /* MJRefreshBackFooter.m in Sources */,
				6C11FD161CF6B7CB00BE323D /* Reachability.m in Sources */,
			);
			runOnlyForDeploymentPostprocessing = 0;
		};
/* End PBXSourcesBuildPhase section */

/* Begin PBXVariantGroup section */
		6C3A2FD81CD3477000533FFF /* Main.storyboard */ = {
			isa = PBXVariantGroup;
			children = (
				6C3A2FD91CD3477000533FFF /* Base */,
			);
			name = Main.storyboard;
			sourceTree = "<group>";
		};
		6C3A2FDD1CD3477000533FFF /* LaunchScreen.storyboard */ = {
			isa = PBXVariantGroup;
			children = (
				6C3A2FDE1CD3477000533FFF /* Base */,
			);
			name = LaunchScreen.storyboard;
			sourceTree = "<group>";
		};
/* End PBXVariantGroup section */

/* Begin XCBuildConfiguration section */
		6C3A2FE11CD3477000533FFF /* Debug */ = {
			isa = XCBuildConfiguration;
			buildSettings = {
				ALWAYS_SEARCH_USER_PATHS = NO;
				CLANG_ANALYZER_NONNULL = YES;
				CLANG_CXX_LANGUAGE_STANDARD = "gnu++0x";
				CLANG_CXX_LIBRARY = "libc++";
				CLANG_ENABLE_MODULES = YES;
				CLANG_ENABLE_OBJC_ARC = YES;
				CLANG_WARN_BOOL_CONVERSION = YES;
				CLANG_WARN_CONSTANT_CONVERSION = YES;
				CLANG_WARN_DIRECT_OBJC_ISA_USAGE = YES_ERROR;
				CLANG_WARN_EMPTY_BODY = YES;
				CLANG_WARN_ENUM_CONVERSION = YES;
				CLANG_WARN_INT_CONVERSION = YES;
				CLANG_WARN_OBJC_ROOT_CLASS = YES_ERROR;
				CLANG_WARN_UNREACHABLE_CODE = YES;
				CLANG_WARN__DUPLICATE_METHOD_MATCH = YES;
				"CODE_SIGN_IDENTITY[sdk=iphoneos*]" = "iPhone Developer";
				COPY_PHASE_STRIP = NO;
				DEBUG_INFORMATION_FORMAT = dwarf;
				ENABLE_STRICT_OBJC_MSGSEND = YES;
				ENABLE_TESTABILITY = YES;
				GCC_C_LANGUAGE_STANDARD = gnu99;
				GCC_DYNAMIC_NO_PIC = NO;
				GCC_NO_COMMON_BLOCKS = YES;
				GCC_OPTIMIZATION_LEVEL = 0;
				GCC_PREPROCESSOR_DEFINITIONS = (
					"DEBUG=1",
					"$(inherited)",
				);
				GCC_WARN_64_TO_32_BIT_CONVERSION = YES;
				GCC_WARN_ABOUT_RETURN_TYPE = YES_ERROR;
				GCC_WARN_UNDECLARED_SELECTOR = YES;
				GCC_WARN_UNINITIALIZED_AUTOS = YES_AGGRESSIVE;
				GCC_WARN_UNUSED_FUNCTION = YES;
				GCC_WARN_UNUSED_VARIABLE = YES;
				IPHONEOS_DEPLOYMENT_TARGET = 9.3;
				MTL_ENABLE_DEBUG_INFO = YES;
				ONLY_ACTIVE_ARCH = YES;
				SDKROOT = iphoneos;
				TARGETED_DEVICE_FAMILY = "1,2";
			};
			name = Debug;
		};
		6C3A2FE21CD3477000533FFF /* Release */ = {
			isa = XCBuildConfiguration;
			buildSettings = {
				ALWAYS_SEARCH_USER_PATHS = NO;
				CLANG_ANALYZER_NONNULL = YES;
				CLANG_CXX_LANGUAGE_STANDARD = "gnu++0x";
				CLANG_CXX_LIBRARY = "libc++";
				CLANG_ENABLE_MODULES = YES;
				CLANG_ENABLE_OBJC_ARC = YES;
				CLANG_WARN_BOOL_CONVERSION = YES;
				CLANG_WARN_CONSTANT_CONVERSION = YES;
				CLANG_WARN_DIRECT_OBJC_ISA_USAGE = YES_ERROR;
				CLANG_WARN_EMPTY_BODY = YES;
				CLANG_WARN_ENUM_CONVERSION = YES;
				CLANG_WARN_INT_CONVERSION = YES;
				CLANG_WARN_OBJC_ROOT_CLASS = YES_ERROR;
				CLANG_WARN_UNREACHABLE_CODE = YES;
				CLANG_WARN__DUPLICATE_METHOD_MATCH = YES;
				"CODE_SIGN_IDENTITY[sdk=iphoneos*]" = "iPhone Developer";
				COPY_PHASE_STRIP = NO;
				DEBUG_INFORMATION_FORMAT = "dwarf-with-dsym";
				ENABLE_NS_ASSERTIONS = NO;
				ENABLE_STRICT_OBJC_MSGSEND = YES;
				GCC_C_LANGUAGE_STANDARD = gnu99;
				GCC_NO_COMMON_BLOCKS = YES;
				GCC_WARN_64_TO_32_BIT_CONVERSION = YES;
				GCC_WARN_ABOUT_RETURN_TYPE = YES_ERROR;
				GCC_WARN_UNDECLARED_SELECTOR = YES;
				GCC_WARN_UNINITIALIZED_AUTOS = YES_AGGRESSIVE;
				GCC_WARN_UNUSED_FUNCTION = YES;
				GCC_WARN_UNUSED_VARIABLE = YES;
				IPHONEOS_DEPLOYMENT_TARGET = 9.3;
				MTL_ENABLE_DEBUG_INFO = NO;
				SDKROOT = iphoneos;
				TARGETED_DEVICE_FAMILY = "1,2";
				VALIDATE_PRODUCT = YES;
			};
			name = Release;
		};
		6C3A2FE41CD3477000533FFF /* Debug */ = {
			isa = XCBuildConfiguration;
			buildSettings = {
				ASSETCATALOG_COMPILER_APPICON_NAME = AppIcon;
				CODE_SIGN_IDENTITY = "iPhone Developer: Yaojin Dou (HK9KZR5X5Z)";
				GCC_PREFIX_HEADER = "$(SRCROOT)/RXExtenstion/model/PrefixHeader.h";
				INFOPLIST_FILE = RXExtenstion/Info.plist;
				IPHONEOS_DEPLOYMENT_TARGET = 7.0;
				LD_RUNPATH_SEARCH_PATHS = "$(inherited) @executable_path/Frameworks";
				LIBRARY_SEARCH_PATHS = "$(inherited)";
				OTHER_LDFLAGS = "-Objc";
				PRODUCT_BUNDLE_IDENTIFIER = net.ghs.app.RXExtentstion;
				PRODUCT_NAME = "$(TARGET_NAME)";
				PROVISIONING_PROFILE = "2a8391eb-a839-4696-a70e-05f83712b0a4";
				TARGETED_DEVICE_FAMILY = 1;
			};
			name = Debug;
		};
		6C3A2FE51CD3477000533FFF /* Release */ = {
			isa = XCBuildConfiguration;
			buildSettings = {
				ASSETCATALOG_COMPILER_APPICON_NAME = AppIcon;
				GCC_PREFIX_HEADER = "$(SRCROOT)/RXExtenstion/model/PrefixHeader.h";
				INFOPLIST_FILE = RXExtenstion/Info.plist;
				IPHONEOS_DEPLOYMENT_TARGET = 7.0;
				LD_RUNPATH_SEARCH_PATHS = "$(inherited) @executable_path/Frameworks";
				LIBRARY_SEARCH_PATHS = "$(inherited)";
				OTHER_LDFLAGS = "-Objc";
				PRODUCT_BUNDLE_IDENTIFIER = net.ghs.app.RXExtentstion;
				PRODUCT_NAME = "$(TARGET_NAME)";
				TARGETED_DEVICE_FAMILY = 1;
			};
			name = Release;
		};
/* End XCBuildConfiguration section */

/* Begin XCConfigurationList section */
		6C3A2FC71CD3477000533FFF /* Build configuration list for PBXProject "RXExtenstion" */ = {
			isa = XCConfigurationList;
			buildConfigurations = (
				6C3A2FE11CD3477000533FFF /* Debug */,
				6C3A2FE21CD3477000533FFF /* Release */,
			);
			defaultConfigurationIsVisible = 0;
			defaultConfigurationName = Release;
		};
		6C3A2FE31CD3477000533FFF /* Build configuration list for PBXNativeTarget "RXExtenstion" */ = {
			isa = XCConfigurationList;
			buildConfigurations = (
				6C3A2FE41CD3477000533FFF /* Debug */,
				6C3A2FE51CD3477000533FFF /* Release */,
			);
			defaultConfigurationIsVisible = 0;
			defaultConfigurationName = Release;
		};
/* End XCConfigurationList section */
	};
	rootObject = 6C3A2FC41CD3477000533FFF /* Project object */;
}
